// !$*UTF8*$!
{
	archiveVersion = 1;
	classes = {
	};
	objectVersion = 46;
	objects = {
/* Begin PBXBuildFile section */
		0207DA581B56EA530066E2B4 /* Images.xcassets in Resources */ = {isa = PBXBuildFile; fileRef = 0207DA571B56EA530066E2B4 /* Images.xcassets */; };
		1D3623260D0F684500981E51 /* AppDelegate.m in Sources */ = {isa = PBXBuildFile; fileRef = 1D3623250D0F684500981E51 /* AppDelegate.m */; };
		1D60589B0D05DD56006BFB54 /* main.m in Sources */ = {isa = PBXBuildFile; fileRef = 29B97316FDCFA39411CA2CEA /* main.m */; };
		301BF552109A68D80062928A /* libCordova.a in Frameworks */ = {isa = PBXBuildFile; fileRef = 301BF535109A57CC0062928A /* libCordova.a */; };
		302D95F114D2391D003F00A1 /* MainViewController.m in Sources */ = {isa = PBXBuildFile; fileRef = 302D95EF14D2391D003F00A1 /* MainViewController.m */; };
		302D95F214D2391D003F00A1 /* MainViewController.xib in Resources */ = {isa = PBXBuildFile; fileRef = 302D95F014D2391D003F00A1 /* MainViewController.xib */; };
		3047A5121AB8059700498E2A /* build-debug.xcconfig in Resources */ = {isa = PBXBuildFile; fileRef = 3047A50F1AB8059700498E2A /* build-debug.xcconfig */; };
		3047A5131AB8059700498E2A /* build-release.xcconfig in Resources */ = {isa = PBXBuildFile; fileRef = 3047A5101AB8059700498E2A /* build-release.xcconfig */; };
		3047A5141AB8059700498E2A /* build.xcconfig in Resources */ = {isa = PBXBuildFile; fileRef = 3047A5111AB8059700498E2A /* build.xcconfig */; };
		6AFF5BF91D6E424B00AB3073 /* CDVLaunchScreen.storyboard in Resources */ = {isa = PBXBuildFile; fileRef = 6AFF5BF81D6E424B00AB3073 /* CDVLaunchScreen.storyboard */; };
		FC87B90B80B549DC97F69CAB /* CDVDevice.m in Sources */ = {isa = PBXBuildFile; fileRef = 80C2F676A8A44845A5FEB4E2 /* CDVDevice.m */; };
		0196290BA8B14DB7901D5235 /* AppDelegate+notification.m in Sources */ = {isa = PBXBuildFile; fileRef = 4D269A3BE9E64FDDB38B5F02 /* AppDelegate+notification.m */; };
		E8E7B7BF6DBC469CA203B763 /* PushPlugin.m in Sources */ = {isa = PBXBuildFile; fileRef = 4932FA67A6724CB58175B367 /* PushPlugin.m */; };
		7AFFE80BBF774DA8B652ECEC /* libGGLCloudMessaging.a in Frameworks */ = {isa = PBXBuildFile; fileRef = D11D031B3B9A4638B297F068 /* libGGLCloudMessaging.a */; };
		D4C5909351B64AF0A0267FFF /* libGGLCore.a in Frameworks */ = {isa = PBXBuildFile; fileRef = B01D3AC85C4A4863BE5F6255 /* libGGLCore.a */; };
		01AE8E17EDB74FD39B869741 /* libGGLInstanceIDLib.a in Frameworks */ = {isa = PBXBuildFile; fileRef = 1E911A6C66A640DA8E379203 /* libGGLInstanceIDLib.a */; };
		67A98B712DF34B099374DD50 /* libGIP_Reachability.a in Frameworks */ = {isa = PBXBuildFile; fileRef = 8D5BB345A54A45C5B792BDAC /* libGIP_Reachability.a */; };
		FE7EA64995234EF9A7E9BDED /* libGSDK_Overload.a in Frameworks */ = {isa = PBXBuildFile; fileRef = 2AFAEB9AE4B8477899330F6F /* libGSDK_Overload.a */; };
		6C8E2BB03CCE461098B59D6C /* libGTMSessionFetcher_core.a in Frameworks */ = {isa = PBXBuildFile; fileRef = 70DF35550037441E9047CFDC /* libGTMSessionFetcher_core.a */; };
		44D6D5882C224F2ABE500CAC /* libGTMSessionFetcher_full.a in Frameworks */ = {isa = PBXBuildFile; fileRef = 751606E5C1774BE5B8437A96 /* libGTMSessionFetcher_full.a */; };
		557B21D0029A4007AFB82F91 /* libGTMStackTrace.a in Frameworks */ = {isa = PBXBuildFile; fileRef = 3FAC5542BB7A4E0B8A03576D /* libGTMStackTrace.a */; };
		00D77997BA1F45D8883853F7 /* libGTM_AddressBook.a in Frameworks */ = {isa = PBXBuildFile; fileRef = ED2AFA00506B4E89BBBCCE97 /* libGTM_AddressBook.a */; };
		562458F4BB5F4E2091C8A13F /* libGTM_DebugUtils.a in Frameworks */ = {isa = PBXBuildFile; fileRef = 74F2C3B6A2A143668DC395E8 /* libGTM_DebugUtils.a */; };
		8BC393BA0BEE4AB5BCE65A7F /* libGTM_GTMURLBuilder.a in Frameworks */ = {isa = PBXBuildFile; fileRef = EF6DE32D016D45EC8BF9C7BF /* libGTM_GTMURLBuilder.a */; };
		2C8E3BA15FD345D1876A9C38 /* libGTM_KVO.a in Frameworks */ = {isa = PBXBuildFile; fileRef = 1047DA27C7DF4176A226BE35 /* libGTM_KVO.a */; };
		E32D86EF8F30466FA3105936 /* libGTM_NSData+zlib.a in Frameworks */ = {isa = PBXBuildFile; fileRef = 9696B89FF7274A2DBA8041D7 /* libGTM_NSData+zlib.a */; };
		EC3DE90B11014C3D97EACBBC /* libGTM_NSDictionary+URLArguments.a in Frameworks */ = {isa = PBXBuildFile; fileRef = A16566C11D944BD581B7B153 /* libGTM_NSDictionary+URLArguments.a */; };
		42E920E851474A1D9B2F6167 /* libGTM_NSScannerJSON.a in Frameworks */ = {isa = PBXBuildFile; fileRef = 9149CC95379343188C573E2C /* libGTM_NSScannerJSON.a */; };
		1F722028D1C14043B275F580 /* libGTM_NSStringHTML.a in Frameworks */ = {isa = PBXBuildFile; fileRef = CC10D25326ED4CE79A7F4C57 /* libGTM_NSStringHTML.a */; };
		233D935B27454927832DC65B /* libGTM_NSStringXML.a in Frameworks */ = {isa = PBXBuildFile; fileRef = D3D8D52E2E2E47E588D5528E /* libGTM_NSStringXML.a */; };
		C11849B1A20940969EC1425C /* libGTM_Regex.a in Frameworks */ = {isa = PBXBuildFile; fileRef = 808472E0605F471FB7D429B6 /* libGTM_Regex.a */; };
		1EF72FF4C9424F0EB367EEFE /* libGTM_RoundedRectPath.a in Frameworks */ = {isa = PBXBuildFile; fileRef = 869F4BC91B1E47148C9B1A2D /* libGTM_RoundedRectPath.a */; };
		17D7C33553E74368AEE606E1 /* libGTM_StringEncoding.a in Frameworks */ = {isa = PBXBuildFile; fileRef = 6359583C0DBB4C56A9E71661 /* libGTM_StringEncoding.a */; };
		E52BBEEC0E844879A0FEF484 /* libGTM_SystemVersion.a in Frameworks */ = {isa = PBXBuildFile; fileRef = 04E16B58475649428CCD36DE /* libGTM_SystemVersion.a */; };
		FE7CE1313EE74FB3A90F3157 /* libGTM_UIFont+LineHeight.a in Frameworks */ = {isa = PBXBuildFile; fileRef = 9EB9C7BBA0D543C2BAF3CC18 /* libGTM_UIFont+LineHeight.a */; };
		E3B51E1C778B465C8047BE85 /* libGTM_core.a in Frameworks */ = {isa = PBXBuildFile; fileRef = D597B84AFEA944AB996C4ACA /* libGTM_core.a */; };
		1FACEC6046D04B1BB96A59BB /* libGTM_iPhone.a in Frameworks */ = {isa = PBXBuildFile; fileRef = DAAEC479B8BC427EA0A3259A /* libGTM_iPhone.a */; };
		6B7E798D11644AAEA98ABC10 /* libGcmLib.a in Frameworks */ = {isa = PBXBuildFile; fileRef = 20492C32AB664F6ABAFB1A1E /* libGcmLib.a */; };
		1798AE9D61AA4DC8BD0DB5F5 /* libProtocolBuffers.a in Frameworks */ = {isa = PBXBuildFile; fileRef = 11153AACB87842A38C206BA1 /* libProtocolBuffers.a */; };
		DBDD2D4CD2D8490AB545AAB6 /* AddressBook.framework in Frameworks */ = {isa = PBXBuildFile; fileRef = 9FBFB69B489646A890BF593A /* AddressBook.framework */; };
		F1A90DA1B91A4A3A8FD8AA15 /* libsqlite3.tbd in Frameworks */ = {isa = PBXBuildFile; fileRef = 592118971FB6480399B21300 /* libsqlite3.tbd */; };
		F017ADC08E984DBA9E727C87 /* libz.tbd in Frameworks */ = {isa = PBXBuildFile; fileRef = EE5354D0EDF640BA8D66F2B8 /* libz.tbd */; };
		D160289AD8514F28A3DA2B5A /* CDVWKWebViewEngine.m in Sources */ = {isa = PBXBuildFile; fileRef = 3BFA3C528F0A4EE6AF93DF68 /* CDVWKWebViewEngine.m */; };
		5D486E7AFC344A0F9BFFB66D /* CDVWKWebViewUIDelegate.m in Sources */ = {isa = PBXBuildFile; fileRef = 8FFEBABF1B914D9DA9A94FED /* CDVWKWebViewUIDelegate.m */; };
		38641D4FEC8743DB87B3F1B4 /* CDVWKProcessPoolFactory.m in Sources */ = {isa = PBXBuildFile; fileRef = 49D79FF21AE94FFD95AEA3B9 /* CDVWKProcessPoolFactory.m */; };
		D8FC404E325E40409F620957 /* WebKit.framework in Frameworks */ = {isa = PBXBuildFile; fileRef = 5ADF1FC73A5D4C57A7996338 /* WebKit.framework */; settings = {ATTRIBUTES = (Weak, ); }; };
		2B17744702144A0F9D2B5FBC /* AppDelegate+SalesforceHybridSDK.m in Sources */ = {isa = PBXBuildFile; fileRef = BD705C5CA6DE4C448FE08317 /* AppDelegate+SalesforceHybridSDK.m */; };
		ACA12DAB0EEF4499BDB97CD3 /* UIApplication+SalesforceHybridSDK.m in Sources */ = {isa = PBXBuildFile; fileRef = DA16F8CC485D4964A6B452E3 /* UIApplication+SalesforceHybridSDK.m */; };
		6E6C234184554ACEAA935E53 /* InitialViewController.m in Sources */ = {isa = PBXBuildFile; fileRef = EF2BBBB17B0D4D49925E309F /* InitialViewController.m */; };
		2D5D51C303784AEC8EF2EFF2 /* libSalesforceAnalytics.a in Frameworks */ = {isa = PBXBuildFile; fileRef = BF772991992B47F2BD463BDB /* libSalesforceAnalytics.a */; };
		3BA2B6D726EE4BFB9103D644 /* libSalesforceSDKCore.a in Frameworks */ = {isa = PBXBuildFile; fileRef = C94739E90B6E4469A1988305 /* libSalesforceSDKCore.a */; };
		D3DC1CB6C4364C90AE1004BC /* libSmartStore.a in Frameworks */ = {isa = PBXBuildFile; fileRef = D70DAAA7585C413B933F12F6 /* libSmartStore.a */; };
		52C6A0B399FC4A4293CA9447 /* libSmartSync.a in Frameworks */ = {isa = PBXBuildFile; fileRef = 823244BA0E804F71A57C14AC /* libSmartSync.a */; };
		392B4BC82CE94CD48049B748 /* libSalesforceHybridSDK.a in Frameworks */ = {isa = PBXBuildFile; fileRef = 93AB62A2004D48C5A33596C0 /* libSalesforceHybridSDK.a */; };
		0FBE9994935D4DBE8D002461 /* libsqlcipher.a in Frameworks */ = {isa = PBXBuildFile; fileRef = 785E68D7D8994783AB5E0B7A /* libsqlcipher.a */; };
		CED90D05301D47F8BAA8E411 /* libCocoaLumberjack.a in Frameworks */ = {isa = PBXBuildFile; fileRef = 0C444D7C3DD74F53A5AB8DE1 /* libCocoaLumberjack.a */; };
		2E22332269A041EB93402606 /* SalesforceSDKResources.bundle in Resources */ = {isa = PBXBuildFile; fileRef = F5CC5F565C364D8EADC6E291 /* SalesforceSDKResources.bundle */; };
		62EA2E1640E14B9D8A0D88AA /* Images.xcassets in Resources */ = {isa = PBXBuildFile; fileRef = A75FF188B5E04C9386ECABF4 /* Images.xcassets */; };
		54B5512589E040F28F41E49A /* SalesforceSDKAssets.xcassets in Resources */ = {isa = PBXBuildFile; fileRef = 37C1872873FC43AD9AD70FD9 /* SalesforceSDKAssets.xcassets */; };
		E760BF6C807443A28FAE2181 /* libxml2.tbd in Frameworks */ = {isa = PBXBuildFile; fileRef = 4BCD827C8BDD419698F32A73 /* libxml2.tbd */; };
		16F8E14B5FC14A45A92E5C40 /* AddressBookUI.framework in Frameworks */ = {isa = PBXBuildFile; fileRef = 72C76C21D591423FA47D85F1 /* AddressBookUI.framework */; settings = {ATTRIBUTES = (Weak, ); }; };
		78E6612FCB834DD1997770F8 /* CoreLocation.framework in Frameworks */ = {isa = PBXBuildFile; fileRef = 601AFB5CCBFB4B9FAF5AE827 /* CoreLocation.framework */; settings = {ATTRIBUTES = (Weak, ); }; };
		A8B3C9678FAE480A81C9034B /* Foundation.framework in Frameworks */ = {isa = PBXBuildFile; fileRef = B569F167E84444D587C51CB4 /* Foundation.framework */; settings = {ATTRIBUTES = (Weak, ); }; };
		3CC79E6213D046BFA17B53F3 /* MessageUI.framework in Frameworks */ = {isa = PBXBuildFile; fileRef = F96E57D98D474A88B2707E9F /* MessageUI.framework */; settings = {ATTRIBUTES = (Weak, ); }; };
		317CC9E784CA419EB6DFAE6D /* QuartzCore.framework in Frameworks */ = {isa = PBXBuildFile; fileRef = 98C8E94C090F4A39B19F9F9C /* QuartzCore.framework */; settings = {ATTRIBUTES = (Weak, ); }; };
		71D6CE42067D4849B4B47433 /* Security.framework in Frameworks */ = {isa = PBXBuildFile; fileRef = 7B90AC9BD78945FFBB016C31 /* Security.framework */; settings = {ATTRIBUTES = (Weak, ); }; };
		52462C3DE083404DAADC0BDC /* SystemConfiguration.framework in Frameworks */ = {isa = PBXBuildFile; fileRef = 4AAFC036E38A47889023D79E /* SystemConfiguration.framework */; settings = {ATTRIBUTES = (Weak, ); }; };
		84ABBA9C3F2F4C879B48A4BA /* UIKit.framework in Frameworks */ = {isa = PBXBuildFile; fileRef = 75393C9D3B024FAD895B4BEC /* UIKit.framework */; settings = {ATTRIBUTES = (Weak, ); }; };
		4AA6BEF2C7534DFA82B83160 /* ImageIO.framework in Frameworks */ = {isa = PBXBuildFile; fileRef = C24A0224F2244AE488884AA2 /* ImageIO.framework */; settings = {ATTRIBUTES = (Weak, ); }; };
/* End PBXBuildFile section */

/* Begin PBXContainerItemProxy section */
		301BF534109A57CC0062928A /* PBXContainerItemProxy */ = {
			isa = PBXContainerItemProxy;
			containerPortal = 301BF52D109A57CC0062928A /* CordovaLib.xcodeproj */;
			proxyType = 2;
			remoteGlobalIDString = D2AAC07E0554694100DB518D;
			remoteInfo = CordovaLib;
		};
		301BF550109A68C00062928A /* PBXContainerItemProxy */ = {
			isa = PBXContainerItemProxy;
			containerPortal = 301BF52D109A57CC0062928A /* CordovaLib.xcodeproj */;
			proxyType = 1;
			remoteGlobalIDString = D2AAC07D0554694100DB518D;
			remoteInfo = CordovaLib;
		};
/* End PBXContainerItemProxy section */

/* Begin PBXFileReference section */
		0207DA571B56EA530066E2B4 /* Images.xcassets */ = {isa = PBXFileReference; lastKnownFileType = folder.assetcatalog; name = Images.xcassets; path = "TahoeDreamin18/Images.xcassets"; sourceTree = SOURCE_ROOT; };
		1D3623240D0F684500981E51 /* AppDelegate.h */ = {isa = PBXFileReference; fileEncoding = 4; lastKnownFileType = sourcecode.c.h; path = AppDelegate.h; sourceTree = "<group>"; };
		1D3623250D0F684500981E51 /* AppDelegate.m */ = {isa = PBXFileReference; fileEncoding = 4; lastKnownFileType = sourcecode.c.objc; path = AppDelegate.m; sourceTree = "<group>"; };
		1D6058910D05DD3D006BFB54 /* TahoeDreamin18.app */ = {isa = PBXFileReference; explicitFileType = wrapper.application; includeInIndex = 0; path = "TahoeDreamin18.app"; sourceTree = BUILT_PRODUCTS_DIR; };
		29B97316FDCFA39411CA2CEA /* main.m */ = {isa = PBXFileReference; fileEncoding = 4; lastKnownFileType = sourcecode.c.objc; path = main.m; sourceTree = "<group>"; };
		301BF52D109A57CC0062928A /* CordovaLib.xcodeproj */ = {isa = PBXFileReference; lastKnownFileType = "wrapper.pb-project"; path = CordovaLib/CordovaLib.xcodeproj; sourceTree = "<group>"; };
		301BF56E109A69640062928A /* www */ = {isa = PBXFileReference; lastKnownFileType = folder; path = www; sourceTree = SOURCE_ROOT; };
		302D95EE14D2391D003F00A1 /* MainViewController.h */ = {isa = PBXFileReference; fileEncoding = 4; lastKnownFileType = sourcecode.c.h; path = MainViewController.h; sourceTree = "<group>"; };
		302D95EF14D2391D003F00A1 /* MainViewController.m */ = {isa = PBXFileReference; fileEncoding = 4; lastKnownFileType = sourcecode.c.objc; path = MainViewController.m; sourceTree = "<group>"; };
		302D95F014D2391D003F00A1 /* MainViewController.xib */ = {isa = PBXFileReference; fileEncoding = 4; lastKnownFileType = file.xib; path = MainViewController.xib; sourceTree = "<group>"; };
		3047A50F1AB8059700498E2A /* build-debug.xcconfig */ = {isa = PBXFileReference; fileEncoding = 4; lastKnownFileType = text.xcconfig; name = "build-debug.xcconfig"; path = cordova/build-debug.xcconfig; sourceTree = SOURCE_ROOT; };
		3047A5101AB8059700498E2A /* build-release.xcconfig */ = {isa = PBXFileReference; fileEncoding = 4; lastKnownFileType = text.xcconfig; name = "build-release.xcconfig"; path = cordova/build-release.xcconfig; sourceTree = SOURCE_ROOT; };
		3047A5111AB8059700498E2A /* build.xcconfig */ = {isa = PBXFileReference; fileEncoding = 4; lastKnownFileType = text.xcconfig; name = build.xcconfig; path = cordova/build.xcconfig; sourceTree = SOURCE_ROOT; };
		32CA4F630368D1EE00C91783 /* TahoeDreamin18-Prefix.pch */ = {isa = PBXFileReference; fileEncoding = 4; lastKnownFileType = sourcecode.c.h; path = "TahoeDreamin18-Prefix.pch"; sourceTree = "<group>"; };
		6AFF5BF81D6E424B00AB3073 /* CDVLaunchScreen.storyboard */ = {isa = PBXFileReference; fileEncoding = 4; lastKnownFileType = file.storyboard; name = CDVLaunchScreen.storyboard; path = "TahoeDreamin18/CDVLaunchScreen.storyboard"; sourceTree = SOURCE_ROOT; };
		8D1107310486CEB800E47090 /* TahoeDreamin18-Info.plist */ = {isa = PBXFileReference; fileEncoding = 4; lastKnownFileType = text.plist.xml; name = "TahoeDreamin18-Info.plist"; path = "TahoeDreamin18/TahoeDreamin18-Info.plist"; plistStructureDefinitionIdentifier = "com.apple.xcode.plist.structure-definition.iphone.info-plist"; sourceTree = SOURCE_ROOT; };
		EB87FDF31871DA8E0020F90C /* www */ = {isa = PBXFileReference; lastKnownFileType = folder; name = www; path = ../../www; sourceTree = "<group>"; };
		EB87FDF41871DAF40020F90C /* config.xml */ = {isa = PBXFileReference; lastKnownFileType = text.xml; name = config.xml; path = ../../config.xml; sourceTree = "<group>"; };
		F840E1F0165FE0F500CFE078 /* config.xml */ = {isa = PBXFileReference; lastKnownFileType = text.xml; name = config.xml; path = "TahoeDreamin18/config.xml"; sourceTree = "<group>"; };
		ED33DF2A687741AEAF9F8254 /* Bridging-Header.h */ = {isa = PBXFileReference; fileEncoding = 4; lastKnownFileType = sourcecode.c.h; name = "Bridging-Header.h"; path = "Bridging-Header.h"; sourceTree = "<group>"; };
		80C2F676A8A44845A5FEB4E2 /* CDVDevice.m */ = {isa = PBXFileReference; name = "CDVDevice.m"; path = "cordova-plugin-device/CDVDevice.m"; sourceTree = "<group>"; fileEncoding = 4; lastKnownFileType = sourcecode.c.objc; explicitFileType = undefined; includeInIndex = 0; };
		11600E3A014F40AB9A72F667 /* CDVDevice.h */ = {isa = PBXFileReference; name = "CDVDevice.h"; path = "cordova-plugin-device/CDVDevice.h"; sourceTree = "<group>"; fileEncoding = 4; lastKnownFileType = sourcecode.c.h; explicitFileType = undefined; includeInIndex = 0; };
		4D269A3BE9E64FDDB38B5F02 /* AppDelegate+notification.m */ = {isa = PBXFileReference; name = "AppDelegate+notification.m"; path = "phonegap-plugin-push/AppDelegate+notification.m"; sourceTree = "<group>"; fileEncoding = 4; lastKnownFileType = sourcecode.c.objc; explicitFileType = undefined; includeInIndex = 0; };
		4932FA67A6724CB58175B367 /* PushPlugin.m */ = {isa = PBXFileReference; name = "PushPlugin.m"; path = "phonegap-plugin-push/PushPlugin.m"; sourceTree = "<group>"; fileEncoding = 4; lastKnownFileType = sourcecode.c.objc; explicitFileType = undefined; includeInIndex = 0; };
		D11D031B3B9A4638B297F068 /* libGGLCloudMessaging.a */ = {isa = PBXFileReference; name = "libGGLCloudMessaging.a"; path = "TahoeDreamin18/Plugins/phonegap-plugin-push/GCM/Libraries/libGGLCloudMessaging.a"; sourceTree = "<group>"; fileEncoding = undefined; lastKnownFileType = archive.ar; explicitFileType = undefined; includeInIndex = 0; };
		B01D3AC85C4A4863BE5F6255 /* libGGLCore.a */ = {isa = PBXFileReference; name = "libGGLCore.a"; path = "TahoeDreamin18/Plugins/phonegap-plugin-push/GCM/Libraries/libGGLCore.a"; sourceTree = "<group>"; fileEncoding = undefined; lastKnownFileType = archive.ar; explicitFileType = undefined; includeInIndex = 0; };
		1E911A6C66A640DA8E379203 /* libGGLInstanceIDLib.a */ = {isa = PBXFileReference; name = "libGGLInstanceIDLib.a"; path = "TahoeDreamin18/Plugins/phonegap-plugin-push/GCM/Libraries/libGGLInstanceIDLib.a"; sourceTree = "<group>"; fileEncoding = undefined; lastKnownFileType = archive.ar; explicitFileType = undefined; includeInIndex = 0; };
		8D5BB345A54A45C5B792BDAC /* libGIP_Reachability.a */ = {isa = PBXFileReference; name = "libGIP_Reachability.a"; path = "TahoeDreamin18/Plugins/phonegap-plugin-push/GCM/Libraries/libGIP_Reachability.a"; sourceTree = "<group>"; fileEncoding = undefined; lastKnownFileType = archive.ar; explicitFileType = undefined; includeInIndex = 0; };
		2AFAEB9AE4B8477899330F6F /* libGSDK_Overload.a */ = {isa = PBXFileReference; name = "libGSDK_Overload.a"; path = "TahoeDreamin18/Plugins/phonegap-plugin-push/GCM/Libraries/libGSDK_Overload.a"; sourceTree = "<group>"; fileEncoding = undefined; lastKnownFileType = archive.ar; explicitFileType = undefined; includeInIndex = 0; };
		70DF35550037441E9047CFDC /* libGTMSessionFetcher_core.a */ = {isa = PBXFileReference; name = "libGTMSessionFetcher_core.a"; path = "TahoeDreamin18/Plugins/phonegap-plugin-push/GCM/Libraries/libGTMSessionFetcher_core.a"; sourceTree = "<group>"; fileEncoding = undefined; lastKnownFileType = archive.ar; explicitFileType = undefined; includeInIndex = 0; };
		751606E5C1774BE5B8437A96 /* libGTMSessionFetcher_full.a */ = {isa = PBXFileReference; name = "libGTMSessionFetcher_full.a"; path = "TahoeDreamin18/Plugins/phonegap-plugin-push/GCM/Libraries/libGTMSessionFetcher_full.a"; sourceTree = "<group>"; fileEncoding = undefined; lastKnownFileType = archive.ar; explicitFileType = undefined; includeInIndex = 0; };
		3FAC5542BB7A4E0B8A03576D /* libGTMStackTrace.a */ = {isa = PBXFileReference; name = "libGTMStackTrace.a"; path = "TahoeDreamin18/Plugins/phonegap-plugin-push/GCM/Libraries/libGTMStackTrace.a"; sourceTree = "<group>"; fileEncoding = undefined; lastKnownFileType = archive.ar; explicitFileType = undefined; includeInIndex = 0; };
		ED2AFA00506B4E89BBBCCE97 /* libGTM_AddressBook.a */ = {isa = PBXFileReference; name = "libGTM_AddressBook.a"; path = "TahoeDreamin18/Plugins/phonegap-plugin-push/GCM/Libraries/libGTM_AddressBook.a"; sourceTree = "<group>"; fileEncoding = undefined; lastKnownFileType = archive.ar; explicitFileType = undefined; includeInIndex = 0; };
		74F2C3B6A2A143668DC395E8 /* libGTM_DebugUtils.a */ = {isa = PBXFileReference; name = "libGTM_DebugUtils.a"; path = "TahoeDreamin18/Plugins/phonegap-plugin-push/GCM/Libraries/libGTM_DebugUtils.a"; sourceTree = "<group>"; fileEncoding = undefined; lastKnownFileType = archive.ar; explicitFileType = undefined; includeInIndex = 0; };
		EF6DE32D016D45EC8BF9C7BF /* libGTM_GTMURLBuilder.a */ = {isa = PBXFileReference; name = "libGTM_GTMURLBuilder.a"; path = "TahoeDreamin18/Plugins/phonegap-plugin-push/GCM/Libraries/libGTM_GTMURLBuilder.a"; sourceTree = "<group>"; fileEncoding = undefined; lastKnownFileType = archive.ar; explicitFileType = undefined; includeInIndex = 0; };
		1047DA27C7DF4176A226BE35 /* libGTM_KVO.a */ = {isa = PBXFileReference; name = "libGTM_KVO.a"; path = "TahoeDreamin18/Plugins/phonegap-plugin-push/GCM/Libraries/libGTM_KVO.a"; sourceTree = "<group>"; fileEncoding = undefined; lastKnownFileType = archive.ar; explicitFileType = undefined; includeInIndex = 0; };
		9696B89FF7274A2DBA8041D7 /* libGTM_NSData+zlib.a */ = {isa = PBXFileReference; name = "libGTM_NSData+zlib.a"; path = "TahoeDreamin18/Plugins/phonegap-plugin-push/GCM/Libraries/libGTM_NSData+zlib.a"; sourceTree = "<group>"; fileEncoding = undefined; lastKnownFileType = archive.ar; explicitFileType = undefined; includeInIndex = 0; };
		A16566C11D944BD581B7B153 /* libGTM_NSDictionary+URLArguments.a */ = {isa = PBXFileReference; name = "libGTM_NSDictionary+URLArguments.a"; path = "TahoeDreamin18/Plugins/phonegap-plugin-push/GCM/Libraries/libGTM_NSDictionary+URLArguments.a"; sourceTree = "<group>"; fileEncoding = undefined; lastKnownFileType = archive.ar; explicitFileType = undefined; includeInIndex = 0; };
		9149CC95379343188C573E2C /* libGTM_NSScannerJSON.a */ = {isa = PBXFileReference; name = "libGTM_NSScannerJSON.a"; path = "TahoeDreamin18/Plugins/phonegap-plugin-push/GCM/Libraries/libGTM_NSScannerJSON.a"; sourceTree = "<group>"; fileEncoding = undefined; lastKnownFileType = archive.ar; explicitFileType = undefined; includeInIndex = 0; };
		CC10D25326ED4CE79A7F4C57 /* libGTM_NSStringHTML.a */ = {isa = PBXFileReference; name = "libGTM_NSStringHTML.a"; path = "TahoeDreamin18/Plugins/phonegap-plugin-push/GCM/Libraries/libGTM_NSStringHTML.a"; sourceTree = "<group>"; fileEncoding = undefined; lastKnownFileType = archive.ar; explicitFileType = undefined; includeInIndex = 0; };
		D3D8D52E2E2E47E588D5528E /* libGTM_NSStringXML.a */ = {isa = PBXFileReference; name = "libGTM_NSStringXML.a"; path = "TahoeDreamin18/Plugins/phonegap-plugin-push/GCM/Libraries/libGTM_NSStringXML.a"; sourceTree = "<group>"; fileEncoding = undefined; lastKnownFileType = archive.ar; explicitFileType = undefined; includeInIndex = 0; };
		808472E0605F471FB7D429B6 /* libGTM_Regex.a */ = {isa = PBXFileReference; name = "libGTM_Regex.a"; path = "TahoeDreamin18/Plugins/phonegap-plugin-push/GCM/Libraries/libGTM_Regex.a"; sourceTree = "<group>"; fileEncoding = undefined; lastKnownFileType = archive.ar; explicitFileType = undefined; includeInIndex = 0; };
		869F4BC91B1E47148C9B1A2D /* libGTM_RoundedRectPath.a */ = {isa = PBXFileReference; name = "libGTM_RoundedRectPath.a"; path = "TahoeDreamin18/Plugins/phonegap-plugin-push/GCM/Libraries/libGTM_RoundedRectPath.a"; sourceTree = "<group>"; fileEncoding = undefined; lastKnownFileType = archive.ar; explicitFileType = undefined; includeInIndex = 0; };
		6359583C0DBB4C56A9E71661 /* libGTM_StringEncoding.a */ = {isa = PBXFileReference; name = "libGTM_StringEncoding.a"; path = "TahoeDreamin18/Plugins/phonegap-plugin-push/GCM/Libraries/libGTM_StringEncoding.a"; sourceTree = "<group>"; fileEncoding = undefined; lastKnownFileType = archive.ar; explicitFileType = undefined; includeInIndex = 0; };
		04E16B58475649428CCD36DE /* libGTM_SystemVersion.a */ = {isa = PBXFileReference; name = "libGTM_SystemVersion.a"; path = "TahoeDreamin18/Plugins/phonegap-plugin-push/GCM/Libraries/libGTM_SystemVersion.a"; sourceTree = "<group>"; fileEncoding = undefined; lastKnownFileType = archive.ar; explicitFileType = undefined; includeInIndex = 0; };
		9EB9C7BBA0D543C2BAF3CC18 /* libGTM_UIFont+LineHeight.a */ = {isa = PBXFileReference; name = "libGTM_UIFont+LineHeight.a"; path = "TahoeDreamin18/Plugins/phonegap-plugin-push/GCM/Libraries/libGTM_UIFont+LineHeight.a"; sourceTree = "<group>"; fileEncoding = undefined; lastKnownFileType = archive.ar; explicitFileType = undefined; includeInIndex = 0; };
		D597B84AFEA944AB996C4ACA /* libGTM_core.a */ = {isa = PBXFileReference; name = "libGTM_core.a"; path = "TahoeDreamin18/Plugins/phonegap-plugin-push/GCM/Libraries/libGTM_core.a"; sourceTree = "<group>"; fileEncoding = undefined; lastKnownFileType = archive.ar; explicitFileType = undefined; includeInIndex = 0; };
		DAAEC479B8BC427EA0A3259A /* libGTM_iPhone.a */ = {isa = PBXFileReference; name = "libGTM_iPhone.a"; path = "TahoeDreamin18/Plugins/phonegap-plugin-push/GCM/Libraries/libGTM_iPhone.a"; sourceTree = "<group>"; fileEncoding = undefined; lastKnownFileType = archive.ar; explicitFileType = undefined; includeInIndex = 0; };
		20492C32AB664F6ABAFB1A1E /* libGcmLib.a */ = {isa = PBXFileReference; name = "libGcmLib.a"; path = "TahoeDreamin18/Plugins/phonegap-plugin-push/GCM/Libraries/libGcmLib.a"; sourceTree = "<group>"; fileEncoding = undefined; lastKnownFileType = archive.ar; explicitFileType = undefined; includeInIndex = 0; };
		11153AACB87842A38C206BA1 /* libProtocolBuffers.a */ = {isa = PBXFileReference; name = "libProtocolBuffers.a"; path = "TahoeDreamin18/Plugins/phonegap-plugin-push/GCM/Libraries/libProtocolBuffers.a"; sourceTree = "<group>"; fileEncoding = undefined; lastKnownFileType = archive.ar; explicitFileType = undefined; includeInIndex = 0; };
		14EBE3CDBFA54B7D85893559 /* AppDelegate+notification.h */ = {isa = PBXFileReference; name = "AppDelegate+notification.h"; path = "phonegap-plugin-push/AppDelegate+notification.h"; sourceTree = "<group>"; fileEncoding = 4; lastKnownFileType = sourcecode.c.h; explicitFileType = undefined; includeInIndex = 0; };
		99A533C14A2149F096B6D772 /* PushPlugin.h */ = {isa = PBXFileReference; name = "PushPlugin.h"; path = "phonegap-plugin-push/PushPlugin.h"; sourceTree = "<group>"; fileEncoding = 4; lastKnownFileType = sourcecode.c.h; explicitFileType = undefined; includeInIndex = 0; };
		7CCA558C1A2C473C9AF278C7 /* GGLInstanceID.h */ = {isa = PBXFileReference; name = "GGLInstanceID.h"; path = "phonegap-plugin-push/GCM/Headers/GGLInstanceID.h"; sourceTree = "<group>"; fileEncoding = 4; lastKnownFileType = sourcecode.c.h; explicitFileType = undefined; includeInIndex = 0; };
		112AB116208741D6BB5EBCA6 /* GGLInstanceIDConfig.h */ = {isa = PBXFileReference; name = "GGLInstanceIDConfig.h"; path = "phonegap-plugin-push/GCM/Headers/GGLInstanceIDConfig.h"; sourceTree = "<group>"; fileEncoding = 4; lastKnownFileType = sourcecode.c.h; explicitFileType = undefined; includeInIndex = 0; };
		391666CB4C7145A4A9D78EF0 /* GGLInstanceIDDelegate.h */ = {isa = PBXFileReference; name = "GGLInstanceIDDelegate.h"; path = "phonegap-plugin-push/GCM/Headers/GGLInstanceIDDelegate.h"; sourceTree = "<group>"; fileEncoding = 4; lastKnownFileType = sourcecode.c.h; explicitFileType = undefined; includeInIndex = 0; };
		31F6FA935B6F424182A4FF03 /* GGLInstanceIDHeaders.h */ = {isa = PBXFileReference; name = "GGLInstanceIDHeaders.h"; path = "phonegap-plugin-push/GCM/Headers/GGLInstanceIDHeaders.h"; sourceTree = "<group>"; fileEncoding = 4; lastKnownFileType = sourcecode.c.h; explicitFileType = undefined; includeInIndex = 0; };
		5380CE0D1E634C3AB5C3E306 /* CloudMessaging.h */ = {isa = PBXFileReference; name = "CloudMessaging.h"; path = "phonegap-plugin-push/GCM/Headers/CloudMessaging.h"; sourceTree = "<group>"; fileEncoding = 4; lastKnownFileType = sourcecode.c.h; explicitFileType = undefined; includeInIndex = 0; };
		A22B3A784490443AB23BABD8 /* GGLContext+CloudMessaging.h */ = {isa = PBXFileReference; name = "GGLContext+CloudMessaging.h"; path = "phonegap-plugin-push/GCM/Headers/GGLContext+CloudMessaging.h"; sourceTree = "<group>"; fileEncoding = 4; lastKnownFileType = sourcecode.c.h; explicitFileType = undefined; includeInIndex = 0; };
		8FEBFCE289BA40AAA65930AC /* Core.h */ = {isa = PBXFileReference; name = "Core.h"; path = "phonegap-plugin-push/GCM/Headers/Core.h"; sourceTree = "<group>"; fileEncoding = 4; lastKnownFileType = sourcecode.c.h; explicitFileType = undefined; includeInIndex = 0; };
		7A36D5CC8A6148049F7493D7 /* GGLConfiguration.h */ = {isa = PBXFileReference; name = "GGLConfiguration.h"; path = "phonegap-plugin-push/GCM/Headers/GGLConfiguration.h"; sourceTree = "<group>"; fileEncoding = 4; lastKnownFileType = sourcecode.c.h; explicitFileType = undefined; includeInIndex = 0; };
		59DA6094149041489BACE29C /* GGLContext.h */ = {isa = PBXFileReference; name = "GGLContext.h"; path = "phonegap-plugin-push/GCM/Headers/GGLContext.h"; sourceTree = "<group>"; fileEncoding = 4; lastKnownFileType = sourcecode.c.h; explicitFileType = undefined; includeInIndex = 0; };
		F513EF922D7448CEA045E3DF /* GGLErrorCode.h */ = {isa = PBXFileReference; name = "GGLErrorCode.h"; path = "phonegap-plugin-push/GCM/Headers/GGLErrorCode.h"; sourceTree = "<group>"; fileEncoding = 4; lastKnownFileType = sourcecode.c.h; explicitFileType = undefined; includeInIndex = 0; };
		2FC976614FFE4A2DB7DF7D6C /* GCMConfig.h */ = {isa = PBXFileReference; name = "GCMConfig.h"; path = "phonegap-plugin-push/GCM/Headers/GCMConfig.h"; sourceTree = "<group>"; fileEncoding = 4; lastKnownFileType = sourcecode.c.h; explicitFileType = undefined; includeInIndex = 0; };
		6D3DED3DA01E4C01A5591D2B /* GCMPubSub.h */ = {isa = PBXFileReference; name = "GCMPubSub.h"; path = "phonegap-plugin-push/GCM/Headers/GCMPubSub.h"; sourceTree = "<group>"; fileEncoding = 4; lastKnownFileType = sourcecode.c.h; explicitFileType = undefined; includeInIndex = 0; };
		BD2C98E4D56D464AB92DCA87 /* GCMReceiverDelegate.h */ = {isa = PBXFileReference; name = "GCMReceiverDelegate.h"; path = "phonegap-plugin-push/GCM/Headers/GCMReceiverDelegate.h"; sourceTree = "<group>"; fileEncoding = 4; lastKnownFileType = sourcecode.c.h; explicitFileType = undefined; includeInIndex = 0; };
		3BDCE356D77840D19BD2E828 /* GCMService.h */ = {isa = PBXFileReference; name = "GCMService.h"; path = "phonegap-plugin-push/GCM/Headers/GCMService.h"; sourceTree = "<group>"; fileEncoding = 4; lastKnownFileType = sourcecode.c.h; explicitFileType = undefined; includeInIndex = 0; };
		5997EE4520654C7CA24F0ED7 /* GoogleCloudMessaging.h */ = {isa = PBXFileReference; name = "GoogleCloudMessaging.h"; path = "phonegap-plugin-push/GCM/Headers/GoogleCloudMessaging.h"; sourceTree = "<group>"; fileEncoding = 4; lastKnownFileType = sourcecode.c.h; explicitFileType = undefined; includeInIndex = 0; };
		9FBFB69B489646A890BF593A /* AddressBook.framework */ = {isa = PBXFileReference; name = "AddressBook.framework"; path = "System/Library/Frameworks/AddressBook.framework"; sourceTree = SDKROOT; fileEncoding = undefined; lastKnownFileType = wrapper.framework; explicitFileType = undefined; includeInIndex = 0; };
		592118971FB6480399B21300 /* libsqlite3.tbd */ = {isa = PBXFileReference; name = "libsqlite3.tbd"; path = "usr/lib/libsqlite3.tbd"; sourceTree = SDKROOT; fileEncoding = undefined; lastKnownFileType = sourcecode.text-based-dylib-definition; explicitFileType = undefined; includeInIndex = 0; };
		EE5354D0EDF640BA8D66F2B8 /* libz.tbd */ = {isa = PBXFileReference; name = "libz.tbd"; path = "usr/lib/libz.tbd"; sourceTree = SDKROOT; fileEncoding = undefined; lastKnownFileType = sourcecode.text-based-dylib-definition; explicitFileType = undefined; includeInIndex = 0; };
		3BFA3C528F0A4EE6AF93DF68 /* CDVWKWebViewEngine.m */ = {isa = PBXFileReference; name = "CDVWKWebViewEngine.m"; path = "cordova-plugin-wkwebview-engine/CDVWKWebViewEngine.m"; sourceTree = "<group>"; fileEncoding = 4; lastKnownFileType = sourcecode.c.objc; explicitFileType = undefined; includeInIndex = 0; };
		8FFEBABF1B914D9DA9A94FED /* CDVWKWebViewUIDelegate.m */ = {isa = PBXFileReference; name = "CDVWKWebViewUIDelegate.m"; path = "cordova-plugin-wkwebview-engine/CDVWKWebViewUIDelegate.m"; sourceTree = "<group>"; fileEncoding = 4; lastKnownFileType = sourcecode.c.objc; explicitFileType = undefined; includeInIndex = 0; };
		49D79FF21AE94FFD95AEA3B9 /* CDVWKProcessPoolFactory.m */ = {isa = PBXFileReference; name = "CDVWKProcessPoolFactory.m"; path = "cordova-plugin-wkwebview-engine/CDVWKProcessPoolFactory.m"; sourceTree = "<group>"; fileEncoding = 4; lastKnownFileType = sourcecode.c.objc; explicitFileType = undefined; includeInIndex = 0; };
		0473CEE213AD4E4FAD7DF1F7 /* CDVWKWebViewEngine.h */ = {isa = PBXFileReference; name = "CDVWKWebViewEngine.h"; path = "cordova-plugin-wkwebview-engine/CDVWKWebViewEngine.h"; sourceTree = "<group>"; fileEncoding = 4; lastKnownFileType = sourcecode.c.h; explicitFileType = undefined; includeInIndex = 0; };
		099BF19057A14A64B5296CC8 /* CDVWKWebViewUIDelegate.h */ = {isa = PBXFileReference; name = "CDVWKWebViewUIDelegate.h"; path = "cordova-plugin-wkwebview-engine/CDVWKWebViewUIDelegate.h"; sourceTree = "<group>"; fileEncoding = 4; lastKnownFileType = sourcecode.c.h; explicitFileType = undefined; includeInIndex = 0; };
		D60345DED46D412588674CA0 /* CDVWKProcessPoolFactory.h */ = {isa = PBXFileReference; name = "CDVWKProcessPoolFactory.h"; path = "cordova-plugin-wkwebview-engine/CDVWKProcessPoolFactory.h"; sourceTree = "<group>"; fileEncoding = 4; lastKnownFileType = sourcecode.c.h; explicitFileType = undefined; includeInIndex = 0; };
		5ADF1FC73A5D4C57A7996338 /* WebKit.framework */ = {isa = PBXFileReference; name = "WebKit.framework"; path = "System/Library/Frameworks/WebKit.framework"; sourceTree = SDKROOT; fileEncoding = undefined; lastKnownFileType = wrapper.framework; explicitFileType = undefined; includeInIndex = 0; };
		BD705C5CA6DE4C448FE08317 /* AppDelegate+SalesforceHybridSDK.m */ = {isa = PBXFileReference; name = "AppDelegate+SalesforceHybridSDK.m"; path = "com.salesforce/AppDelegate+SalesforceHybridSDK.m"; sourceTree = "<group>"; fileEncoding = 4; lastKnownFileType = sourcecode.c.objc; explicitFileType = undefined; includeInIndex = 0; };
		DA16F8CC485D4964A6B452E3 /* UIApplication+SalesforceHybridSDK.m */ = {isa = PBXFileReference; name = "UIApplication+SalesforceHybridSDK.m"; path = "com.salesforce/UIApplication+SalesforceHybridSDK.m"; sourceTree = "<group>"; fileEncoding = 4; lastKnownFileType = sourcecode.c.objc; explicitFileType = undefined; includeInIndex = 0; };
		EF2BBBB17B0D4D49925E309F /* InitialViewController.m */ = {isa = PBXFileReference; name = "InitialViewController.m"; path = "com.salesforce/InitialViewController.m"; sourceTree = "<group>"; fileEncoding = 4; lastKnownFileType = sourcecode.c.objc; explicitFileType = undefined; includeInIndex = 0; };
		BF772991992B47F2BD463BDB /* libSalesforceAnalytics.a */ = {isa = PBXFileReference; name = "libSalesforceAnalytics.a"; path = "TahoeDreamin18/Plugins/com.salesforce/libSalesforceAnalytics.a"; sourceTree = "<group>"; fileEncoding = undefined; lastKnownFileType = archive.ar; explicitFileType = undefined; includeInIndex = 0; };
		C94739E90B6E4469A1988305 /* libSalesforceSDKCore.a */ = {isa = PBXFileReference; name = "libSalesforceSDKCore.a"; path = "TahoeDreamin18/Plugins/com.salesforce/libSalesforceSDKCore.a"; sourceTree = "<group>"; fileEncoding = undefined; lastKnownFileType = archive.ar; explicitFileType = undefined; includeInIndex = 0; };
		D70DAAA7585C413B933F12F6 /* libSmartStore.a */ = {isa = PBXFileReference; name = "libSmartStore.a"; path = "TahoeDreamin18/Plugins/com.salesforce/libSmartStore.a"; sourceTree = "<group>"; fileEncoding = undefined; lastKnownFileType = archive.ar; explicitFileType = undefined; includeInIndex = 0; };
		823244BA0E804F71A57C14AC /* libSmartSync.a */ = {isa = PBXFileReference; name = "libSmartSync.a"; path = "TahoeDreamin18/Plugins/com.salesforce/libSmartSync.a"; sourceTree = "<group>"; fileEncoding = undefined; lastKnownFileType = archive.ar; explicitFileType = undefined; includeInIndex = 0; };
		93AB62A2004D48C5A33596C0 /* libSalesforceHybridSDK.a */ = {isa = PBXFileReference; name = "libSalesforceHybridSDK.a"; path = "TahoeDreamin18/Plugins/com.salesforce/libSalesforceHybridSDK.a"; sourceTree = "<group>"; fileEncoding = undefined; lastKnownFileType = archive.ar; explicitFileType = undefined; includeInIndex = 0; };
		785E68D7D8994783AB5E0B7A /* libsqlcipher.a */ = {isa = PBXFileReference; name = "libsqlcipher.a"; path = "TahoeDreamin18/Plugins/com.salesforce/libsqlcipher.a"; sourceTree = "<group>"; fileEncoding = undefined; lastKnownFileType = archive.ar; explicitFileType = undefined; includeInIndex = 0; };
		0C444D7C3DD74F53A5AB8DE1 /* libCocoaLumberjack.a */ = {isa = PBXFileReference; name = "libCocoaLumberjack.a"; path = "TahoeDreamin18/Plugins/com.salesforce/libCocoaLumberjack.a"; sourceTree = "<group>"; fileEncoding = undefined; lastKnownFileType = archive.ar; explicitFileType = undefined; includeInIndex = 0; };
		5D9D8146B6B14834A19A392F /* SFAuthenticationManager.h */ = {isa = PBXFileReference; name = "SFAuthenticationManager.h"; path = "com.salesforce/salesforce/SFAuthenticationManager.h"; sourceTree = "<group>"; fileEncoding = 4; lastKnownFileType = sourcecode.c.h; explicitFileType = undefined; includeInIndex = 0; };
		ABE542FB18E848C09AA72383 /* SalesforceSDKConstants.h */ = {isa = PBXFileReference; name = "SalesforceSDKConstants.h"; path = "com.salesforce/salesforce/SalesforceSDKConstants.h"; sourceTree = "<group>"; fileEncoding = 4; lastKnownFileType = sourcecode.c.h; explicitFileType = undefined; includeInIndex = 0; };
		9A89FE308289428297B754E9 /* SFCommunityData.h */ = {isa = PBXFileReference; name = "SFCommunityData.h"; path = "com.salesforce/salesforce/SFCommunityData.h"; sourceTree = "<group>"; fileEncoding = 4; lastKnownFileType = sourcecode.c.h; explicitFileType = undefined; includeInIndex = 0; };
		611E4302390D44E98127375C /* SFSDKAppConfig.h */ = {isa = PBXFileReference; name = "SFSDKAppConfig.h"; path = "com.salesforce/salesforce/SFSDKAppConfig.h"; sourceTree = "<group>"; fileEncoding = 4; lastKnownFileType = sourcecode.c.h; explicitFileType = undefined; includeInIndex = 0; };
		8AB8BAE0B04B4A85B1BEEE8C /* InitialViewController.h */ = {isa = PBXFileReference; name = "InitialViewController.h"; path = "com.salesforce/salesforce/InitialViewController.h"; sourceTree = "<group>"; fileEncoding = 4; lastKnownFileType = sourcecode.c.h; explicitFileType = undefined; includeInIndex = 0; };
		2EC7D8F1560749639FDF21AF /* SFDefaultUserManagementViewController.h */ = {isa = PBXFileReference; name = "SFDefaultUserManagementViewController.h"; path = "com.salesforce/salesforce/SFDefaultUserManagementViewController.h"; sourceTree = "<group>"; fileEncoding = 4; lastKnownFileType = sourcecode.c.h; explicitFileType = undefined; includeInIndex = 0; };
		CEA4D2A1DACD4083AED4BA87 /* SFHybridViewConfig.h */ = {isa = PBXFileReference; name = "SFHybridViewConfig.h"; path = "com.salesforce/salesforce/SFHybridViewConfig.h"; sourceTree = "<group>"; fileEncoding = 4; lastKnownFileType = sourcecode.c.h; explicitFileType = undefined; includeInIndex = 0; };
		96542AE3029A42CCBEE31F6F /* SFHybridViewController.h */ = {isa = PBXFileReference; name = "SFHybridViewController.h"; path = "com.salesforce/salesforce/SFHybridViewController.h"; sourceTree = "<group>"; fileEncoding = 4; lastKnownFileType = sourcecode.c.h; explicitFileType = undefined; includeInIndex = 0; };
		652B2F36277B4F96A241F121 /* SFIdentityCoordinator.h */ = {isa = PBXFileReference; name = "SFIdentityCoordinator.h"; path = "com.salesforce/salesforce/SFIdentityCoordinator.h"; sourceTree = "<group>"; fileEncoding = 4; lastKnownFileType = sourcecode.c.h; explicitFileType = undefined; includeInIndex = 0; };
		44D0589729B345199767DDC8 /* SFIdentityData.h */ = {isa = PBXFileReference; name = "SFIdentityData.h"; path = "com.salesforce/salesforce/SFIdentityData.h"; sourceTree = "<group>"; fileEncoding = 4; lastKnownFileType = sourcecode.c.h; explicitFileType = undefined; includeInIndex = 0; };
		BBEB8357647C423882356F97 /* SFLocalhostSubstitutionCache.h */ = {isa = PBXFileReference; name = "SFLocalhostSubstitutionCache.h"; path = "com.salesforce/salesforce/SFLocalhostSubstitutionCache.h"; sourceTree = "<group>"; fileEncoding = 4; lastKnownFileType = sourcecode.c.h; explicitFileType = undefined; includeInIndex = 0; };
		469505D69F094299A930BC9F /* SFSDKLogger.h */ = {isa = PBXFileReference; name = "SFSDKLogger.h"; path = "com.salesforce/salesforce/SFSDKLogger.h"; sourceTree = "<group>"; fileEncoding = 4; lastKnownFileType = sourcecode.c.h; explicitFileType = undefined; includeInIndex = 0; };
		A8E7227A65B04DDAAB4370F5 /* SFSDKFileLogger.h */ = {isa = PBXFileReference; name = "SFSDKFileLogger.h"; path = "com.salesforce/salesforce/SFSDKFileLogger.h"; sourceTree = "<group>"; fileEncoding = 4; lastKnownFileType = sourcecode.c.h; explicitFileType = undefined; includeInIndex = 0; };
		A593B6024FCA492FB10E90AA /* NSNotificationCenter+SFAdditions.h */ = {isa = PBXFileReference; name = "NSNotificationCenter+SFAdditions.h"; path = "com.salesforce/salesforce/NSNotificationCenter+SFAdditions.h"; sourceTree = "<group>"; fileEncoding = 4; lastKnownFileType = sourcecode.c.h; explicitFileType = undefined; includeInIndex = 0; };
		60F24466ED434E06B4774BAB /* SFOAuthCoordinator.h */ = {isa = PBXFileReference; name = "SFOAuthCoordinator.h"; path = "com.salesforce/salesforce/SFOAuthCoordinator.h"; sourceTree = "<group>"; fileEncoding = 4; lastKnownFileType = sourcecode.c.h; explicitFileType = undefined; includeInIndex = 0; };
		021F162BFE5443FEA6D1DEF0 /* SFOAuthCredentials.h */ = {isa = PBXFileReference; name = "SFOAuthCredentials.h"; path = "com.salesforce/salesforce/SFOAuthCredentials.h"; sourceTree = "<group>"; fileEncoding = 4; lastKnownFileType = sourcecode.c.h; explicitFileType = undefined; includeInIndex = 0; };
		84C45EF9658A4D6F8F215360 /* SFOAuthInfo.h */ = {isa = PBXFileReference; name = "SFOAuthInfo.h"; path = "com.salesforce/salesforce/SFOAuthInfo.h"; sourceTree = "<group>"; fileEncoding = 4; lastKnownFileType = sourcecode.c.h; explicitFileType = undefined; includeInIndex = 0; };
		01ED30EDAF2947E7AFA9BE4B /* SFPushNotificationManager.h */ = {isa = PBXFileReference; name = "SFPushNotificationManager.h"; path = "com.salesforce/salesforce/SFPushNotificationManager.h"; sourceTree = "<group>"; fileEncoding = 4; lastKnownFileType = sourcecode.c.h; explicitFileType = undefined; includeInIndex = 0; };
		EA9F84EA459B45EC8CE95BD2 /* SFUserAccount.h */ = {isa = PBXFileReference; name = "SFUserAccount.h"; path = "com.salesforce/salesforce/SFUserAccount.h"; sourceTree = "<group>"; fileEncoding = 4; lastKnownFileType = sourcecode.c.h; explicitFileType = undefined; includeInIndex = 0; };
		0F4670E14A05402E8610CA76 /* SFUserAccountConstants.h */ = {isa = PBXFileReference; name = "SFUserAccountConstants.h"; path = "com.salesforce/salesforce/SFUserAccountConstants.h"; sourceTree = "<group>"; fileEncoding = 4; lastKnownFileType = sourcecode.c.h; explicitFileType = undefined; includeInIndex = 0; };
		AB53BEEB2BCA468FA378E3E2 /* SFUserAccountManager.h */ = {isa = PBXFileReference; name = "SFUserAccountManager.h"; path = "com.salesforce/salesforce/SFUserAccountManager.h"; sourceTree = "<group>"; fileEncoding = 4; lastKnownFileType = sourcecode.c.h; explicitFileType = undefined; includeInIndex = 0; };
		C48F0A2697044A6D9920B3A9 /* SFUserAccountIdentity.h */ = {isa = PBXFileReference; name = "SFUserAccountIdentity.h"; path = "com.salesforce/salesforce/SFUserAccountIdentity.h"; sourceTree = "<group>"; fileEncoding = 4; lastKnownFileType = sourcecode.c.h; explicitFileType = undefined; includeInIndex = 0; };
		4CAC0B286D4546489529E4B2 /* SalesforceSDKManager.h */ = {isa = PBXFileReference; name = "SalesforceSDKManager.h"; path = "com.salesforce/salesforce/SalesforceSDKManager.h"; sourceTree = "<group>"; fileEncoding = 4; lastKnownFileType = sourcecode.c.h; explicitFileType = undefined; includeInIndex = 0; };
		14AF329290054BF781163F39 /* SalesforceSDKManagerWithSmartStore.h */ = {isa = PBXFileReference; name = "SalesforceSDKManagerWithSmartStore.h"; path = "com.salesforce/salesforce/SalesforceSDKManagerWithSmartStore.h"; sourceTree = "<group>"; fileEncoding = 4; lastKnownFileType = sourcecode.c.h; explicitFileType = undefined; includeInIndex = 0; };
		00FC2FB6F3BF46BFB97432E2 /* SFAuthErrorHandler.h */ = {isa = PBXFileReference; name = "SFAuthErrorHandler.h"; path = "com.salesforce/salesforce/SFAuthErrorHandler.h"; sourceTree = "<group>"; fileEncoding = 4; lastKnownFileType = sourcecode.c.h; explicitFileType = undefined; includeInIndex = 0; };
		672F2668CB5143EB8E38BCDD /* SFAuthErrorHandlerList.h */ = {isa = PBXFileReference; name = "SFAuthErrorHandlerList.h"; path = "com.salesforce/salesforce/SFAuthErrorHandlerList.h"; sourceTree = "<group>"; fileEncoding = 4; lastKnownFileType = sourcecode.c.h; explicitFileType = undefined; includeInIndex = 0; };
		C67147B805984E29BBEA2762 /* SalesforceSDKCoreDefines.h */ = {isa = PBXFileReference; name = "SalesforceSDKCoreDefines.h"; path = "com.salesforce/salesforce/SalesforceSDKCoreDefines.h"; sourceTree = "<group>"; fileEncoding = 4; lastKnownFileType = sourcecode.c.h; explicitFileType = undefined; includeInIndex = 0; };
		E2FCBDC45E9F44538CF7FDAA /* SFLoginViewController.h */ = {isa = PBXFileReference; name = "SFLoginViewController.h"; path = "com.salesforce/salesforce/SFLoginViewController.h"; sourceTree = "<group>"; fileEncoding = 4; lastKnownFileType = sourcecode.c.h; explicitFileType = undefined; includeInIndex = 0; };
		BAE75DFD7BEC4919A2A8044D /* SFSDKLoginHostDelegate.h */ = {isa = PBXFileReference; name = "SFSDKLoginHostDelegate.h"; path = "com.salesforce/salesforce/SFSDKLoginHostDelegate.h"; sourceTree = "<group>"; fileEncoding = 4; lastKnownFileType = sourcecode.c.h; explicitFileType = undefined; includeInIndex = 0; };
		83C0817AD8724A94AA166448 /* SFSDKLoginHost.h */ = {isa = PBXFileReference; name = "SFSDKLoginHost.h"; path = "com.salesforce/salesforce/SFSDKLoginHost.h"; sourceTree = "<group>"; fileEncoding = 4; lastKnownFileType = sourcecode.c.h; explicitFileType = undefined; includeInIndex = 0; };
		30440C36972E4D21942C4D7A /* SFSDKLoginHostListViewController.h */ = {isa = PBXFileReference; name = "SFSDKLoginHostListViewController.h"; path = "com.salesforce/salesforce/SFSDKLoginHostListViewController.h"; sourceTree = "<group>"; fileEncoding = 4; lastKnownFileType = sourcecode.c.h; explicitFileType = undefined; includeInIndex = 0; };
		D9D9D7F7D12044FE82F88F28 /* SFSDKLoginHostStorage.h */ = {isa = PBXFileReference; name = "SFSDKLoginHostStorage.h"; path = "com.salesforce/salesforce/SFSDKLoginHostStorage.h"; sourceTree = "<group>"; fileEncoding = 4; lastKnownFileType = sourcecode.c.h; explicitFileType = undefined; includeInIndex = 0; };
		94BA0646E5C04E03988C3C6B /* AppDelegate+SalesforceHybridSDK.h */ = {isa = PBXFileReference; name = "AppDelegate+SalesforceHybridSDK.h"; path = "com.salesforce/AppDelegate+SalesforceHybridSDK.h"; sourceTree = "<group>"; fileEncoding = 4; lastKnownFileType = sourcecode.c.h; explicitFileType = undefined; includeInIndex = 0; };
		52324C5F40A848B7A98A21C7 /* UIApplication+SalesforceHybridSDK.h */ = {isa = PBXFileReference; name = "UIApplication+SalesforceHybridSDK.h"; path = "com.salesforce/UIApplication+SalesforceHybridSDK.h"; sourceTree = "<group>"; fileEncoding = 4; lastKnownFileType = sourcecode.c.h; explicitFileType = undefined; includeInIndex = 0; };
		27F0D6F116E74BFA88F16CBD /* DDLog.h */ = {isa = PBXFileReference; name = "DDLog.h"; path = "com.salesforce/DDLog.h"; sourceTree = "<group>"; fileEncoding = 4; lastKnownFileType = sourcecode.c.h; explicitFileType = undefined; includeInIndex = 0; };
		8CA397328F63412B810BCA66 /* DDFileLogger.h */ = {isa = PBXFileReference; name = "DDFileLogger.h"; path = "com.salesforce/DDFileLogger.h"; sourceTree = "<group>"; fileEncoding = 4; lastKnownFileType = sourcecode.c.h; explicitFileType = undefined; includeInIndex = 0; };
		191A3AF19D4E4AA39415F1DC /* DDLegacyMacros.h */ = {isa = PBXFileReference; name = "DDLegacyMacros.h"; path = "com.salesforce/DDLegacyMacros.h"; sourceTree = "<group>"; fileEncoding = 4; lastKnownFileType = sourcecode.c.h; explicitFileType = undefined; includeInIndex = 0; };
		F5CC5F565C364D8EADC6E291 /* SalesforceSDKResources.bundle */ = {isa = PBXFileReference; name = "SalesforceSDKResources.bundle"; path = "SalesforceSDKResources.bundle"; sourceTree = "<group>"; fileEncoding = undefined; lastKnownFileType = wrapper.plug-in; explicitFileType = undefined; includeInIndex = 0; };
		A75FF188B5E04C9386ECABF4 /* Images.xcassets */ = {isa = PBXFileReference; name = "Images.xcassets"; path = "Images.xcassets"; sourceTree = "<group>"; fileEncoding = undefined; lastKnownFileType = folder.assetcatalog; explicitFileType = undefined; includeInIndex = 0; };
		37C1872873FC43AD9AD70FD9 /* SalesforceSDKAssets.xcassets */ = {isa = PBXFileReference; name = "SalesforceSDKAssets.xcassets"; path = "SalesforceSDKAssets.xcassets"; sourceTree = "<group>"; fileEncoding = undefined; lastKnownFileType = folder.assetcatalog; explicitFileType = undefined; includeInIndex = 0; };
		4BCD827C8BDD419698F32A73 /* libxml2.tbd */ = {isa = PBXFileReference; name = "libxml2.tbd"; path = "usr/lib/libxml2.tbd"; sourceTree = SDKROOT; fileEncoding = undefined; lastKnownFileType = sourcecode.text-based-dylib-definition; explicitFileType = undefined; includeInIndex = 0; };
		72C76C21D591423FA47D85F1 /* AddressBookUI.framework */ = {isa = PBXFileReference; name = "AddressBookUI.framework"; path = "System/Library/Frameworks/AddressBookUI.framework"; sourceTree = SDKROOT; fileEncoding = undefined; lastKnownFileType = wrapper.framework; explicitFileType = undefined; includeInIndex = 0; };
		601AFB5CCBFB4B9FAF5AE827 /* CoreLocation.framework */ = {isa = PBXFileReference; name = "CoreLocation.framework"; path = "System/Library/Frameworks/CoreLocation.framework"; sourceTree = SDKROOT; fileEncoding = undefined; lastKnownFileType = wrapper.framework; explicitFileType = undefined; includeInIndex = 0; };
		B569F167E84444D587C51CB4 /* Foundation.framework */ = {isa = PBXFileReference; name = "Foundation.framework"; path = "System/Library/Frameworks/Foundation.framework"; sourceTree = SDKROOT; fileEncoding = undefined; lastKnownFileType = wrapper.framework; explicitFileType = undefined; includeInIndex = 0; };
		F96E57D98D474A88B2707E9F /* MessageUI.framework */ = {isa = PBXFileReference; name = "MessageUI.framework"; path = "System/Library/Frameworks/MessageUI.framework"; sourceTree = SDKROOT; fileEncoding = undefined; lastKnownFileType = wrapper.framework; explicitFileType = undefined; includeInIndex = 0; };
		98C8E94C090F4A39B19F9F9C /* QuartzCore.framework */ = {isa = PBXFileReference; name = "QuartzCore.framework"; path = "System/Library/Frameworks/QuartzCore.framework"; sourceTree = SDKROOT; fileEncoding = undefined; lastKnownFileType = wrapper.framework; explicitFileType = undefined; includeInIndex = 0; };
		7B90AC9BD78945FFBB016C31 /* Security.framework */ = {isa = PBXFileReference; name = "Security.framework"; path = "System/Library/Frameworks/Security.framework"; sourceTree = SDKROOT; fileEncoding = undefined; lastKnownFileType = wrapper.framework; explicitFileType = undefined; includeInIndex = 0; };
		4AAFC036E38A47889023D79E /* SystemConfiguration.framework */ = {isa = PBXFileReference; name = "SystemConfiguration.framework"; path = "System/Library/Frameworks/SystemConfiguration.framework"; sourceTree = SDKROOT; fileEncoding = undefined; lastKnownFileType = wrapper.framework; explicitFileType = undefined; includeInIndex = 0; };
		75393C9D3B024FAD895B4BEC /* UIKit.framework */ = {isa = PBXFileReference; name = "UIKit.framework"; path = "System/Library/Frameworks/UIKit.framework"; sourceTree = SDKROOT; fileEncoding = undefined; lastKnownFileType = wrapper.framework; explicitFileType = undefined; includeInIndex = 0; };
		C24A0224F2244AE488884AA2 /* ImageIO.framework */ = {isa = PBXFileReference; name = "ImageIO.framework"; path = "System/Library/Frameworks/ImageIO.framework"; sourceTree = SDKROOT; fileEncoding = undefined; lastKnownFileType = wrapper.framework; explicitFileType = undefined; includeInIndex = 0; };
/* End PBXFileReference section */

/* Begin PBXFrameworksBuildPhase section */
		1D60588F0D05DD3D006BFB54 /* Frameworks */ = {
			isa = PBXFrameworksBuildPhase;
			buildActionMask = 2147483647;
			files = (
				301BF552109A68D80062928A /* libCordova.a in Frameworks */,
				7AFFE80BBF774DA8B652ECEC /* libGGLCloudMessaging.a in Frameworks */,
				D4C5909351B64AF0A0267FFF /* libGGLCore.a in Frameworks */,
				01AE8E17EDB74FD39B869741 /* libGGLInstanceIDLib.a in Frameworks */,
				67A98B712DF34B099374DD50 /* libGIP_Reachability.a in Frameworks */,
				FE7EA64995234EF9A7E9BDED /* libGSDK_Overload.a in Frameworks */,
				6C8E2BB03CCE461098B59D6C /* libGTMSessionFetcher_core.a in Frameworks */,
				44D6D5882C224F2ABE500CAC /* libGTMSessionFetcher_full.a in Frameworks */,
				557B21D0029A4007AFB82F91 /* libGTMStackTrace.a in Frameworks */,
				00D77997BA1F45D8883853F7 /* libGTM_AddressBook.a in Frameworks */,
				562458F4BB5F4E2091C8A13F /* libGTM_DebugUtils.a in Frameworks */,
				8BC393BA0BEE4AB5BCE65A7F /* libGTM_GTMURLBuilder.a in Frameworks */,
				2C8E3BA15FD345D1876A9C38 /* libGTM_KVO.a in Frameworks */,
				E32D86EF8F30466FA3105936 /* libGTM_NSData+zlib.a in Frameworks */,
				EC3DE90B11014C3D97EACBBC /* libGTM_NSDictionary+URLArguments.a in Frameworks */,
				42E920E851474A1D9B2F6167 /* libGTM_NSScannerJSON.a in Frameworks */,
				1F722028D1C14043B275F580 /* libGTM_NSStringHTML.a in Frameworks */,
				233D935B27454927832DC65B /* libGTM_NSStringXML.a in Frameworks */,
				C11849B1A20940969EC1425C /* libGTM_Regex.a in Frameworks */,
				1EF72FF4C9424F0EB367EEFE /* libGTM_RoundedRectPath.a in Frameworks */,
				17D7C33553E74368AEE606E1 /* libGTM_StringEncoding.a in Frameworks */,
				E52BBEEC0E844879A0FEF484 /* libGTM_SystemVersion.a in Frameworks */,
				FE7CE1313EE74FB3A90F3157 /* libGTM_UIFont+LineHeight.a in Frameworks */,
				E3B51E1C778B465C8047BE85 /* libGTM_core.a in Frameworks */,
				1FACEC6046D04B1BB96A59BB /* libGTM_iPhone.a in Frameworks */,
				6B7E798D11644AAEA98ABC10 /* libGcmLib.a in Frameworks */,
				1798AE9D61AA4DC8BD0DB5F5 /* libProtocolBuffers.a in Frameworks */,
				DBDD2D4CD2D8490AB545AAB6 /* AddressBook.framework in Frameworks */,
				F1A90DA1B91A4A3A8FD8AA15 /* libsqlite3.tbd in Frameworks */,
				F017ADC08E984DBA9E727C87 /* libz.tbd in Frameworks */,
				D8FC404E325E40409F620957 /* WebKit.framework in Frameworks */,
				2D5D51C303784AEC8EF2EFF2 /* libSalesforceAnalytics.a in Frameworks */,
				3BA2B6D726EE4BFB9103D644 /* libSalesforceSDKCore.a in Frameworks */,
				D3DC1CB6C4364C90AE1004BC /* libSmartStore.a in Frameworks */,
				52C6A0B399FC4A4293CA9447 /* libSmartSync.a in Frameworks */,
				392B4BC82CE94CD48049B748 /* libSalesforceHybridSDK.a in Frameworks */,
				0FBE9994935D4DBE8D002461 /* libsqlcipher.a in Frameworks */,
				CED90D05301D47F8BAA8E411 /* libCocoaLumberjack.a in Frameworks */,
				E760BF6C807443A28FAE2181 /* libxml2.tbd in Frameworks */,
				16F8E14B5FC14A45A92E5C40 /* AddressBookUI.framework in Frameworks */,
				78E6612FCB834DD1997770F8 /* CoreLocation.framework in Frameworks */,
				A8B3C9678FAE480A81C9034B /* Foundation.framework in Frameworks */,
				3CC79E6213D046BFA17B53F3 /* MessageUI.framework in Frameworks */,
				317CC9E784CA419EB6DFAE6D /* QuartzCore.framework in Frameworks */,
				71D6CE42067D4849B4B47433 /* Security.framework in Frameworks */,
				52462C3DE083404DAADC0BDC /* SystemConfiguration.framework in Frameworks */,
				84ABBA9C3F2F4C879B48A4BA /* UIKit.framework in Frameworks */,
				4AA6BEF2C7534DFA82B83160 /* ImageIO.framework in Frameworks */,
			);
			runOnlyForDeploymentPostprocessing = 0;
		};
/* End PBXFrameworksBuildPhase section */

/* Begin PBXGroup section */
		080E96DDFE201D6D7F000001 /* Classes */ = {
			isa = PBXGroup;
			children = (
				302D95EE14D2391D003F00A1 /* MainViewController.h */,
				302D95EF14D2391D003F00A1 /* MainViewController.m */,
				302D95F014D2391D003F00A1 /* MainViewController.xib */,
				1D3623240D0F684500981E51 /* AppDelegate.h */,
				1D3623250D0F684500981E51 /* AppDelegate.m */,
			);
			name = Classes;
			path = "TahoeDreamin18/Classes";
			sourceTree = SOURCE_ROOT;
		};
		19C28FACFE9D520D11CA2CBB /* Products */ = {
			isa = PBXGroup;
			children = (
				1D6058910D05DD3D006BFB54 /* TahoeDreamin18.app */,
			);
			name = Products;
			sourceTree = "<group>";
		};
		29B97314FDCFA39411CA2CEA /* CustomTemplate */ = {
			isa = PBXGroup;
			children = (
				EB87FDF41871DAF40020F90C /* config.xml */,
				EB87FDF31871DA8E0020F90C /* www */,
				EB87FDF11871DA420020F90C /* Staging */,
				301BF52D109A57CC0062928A /* CordovaLib.xcodeproj */,
				080E96DDFE201D6D7F000001 /* Classes */,
				307C750510C5A3420062BCA9 /* Plugins */,
				29B97315FDCFA39411CA2CEA /* Other Sources */,
				29B97317FDCFA39411CA2CEA /* Resources */,
				29B97323FDCFA39411CA2CEA /* Frameworks */,
				19C28FACFE9D520D11CA2CBB /* Products */,
			);
			name = CustomTemplate;
			sourceTree = "<group>";
		};
		29B97315FDCFA39411CA2CEA /* Other Sources */ = {
			isa = PBXGroup;
			children = (
				32CA4F630368D1EE00C91783 /* TahoeDreamin18-Prefix.pch */,
				29B97316FDCFA39411CA2CEA /* main.m */,
				ED33DF2A687741AEAF9F8254 /* Bridging-Header.h */,
			);
			name = "Other Sources";
			path = "TahoeDreamin18";
			sourceTree = "<group>";
		};
		29B97317FDCFA39411CA2CEA /* Resources */ = {
			isa = PBXGroup;
			children = (
				0207DA571B56EA530066E2B4 /* Images.xcassets */,
				3047A50E1AB8057F00498E2A /* config */,
				8D1107310486CEB800E47090 /* TahoeDreamin18-Info.plist */,
				6AFF5BF81D6E424B00AB3073 /* CDVLaunchScreen.storyboard */,
				F5CC5F565C364D8EADC6E291 /* SalesforceSDKResources.bundle */,
				A75FF188B5E04C9386ECABF4 /* Images.xcassets */,
				37C1872873FC43AD9AD70FD9 /* SalesforceSDKAssets.xcassets */,
			);
			name = Resources;
			path = "TahoeDreamin18/Resources";
			sourceTree = "<group>";
		};
		29B97323FDCFA39411CA2CEA /* Frameworks */ = {
			isa = PBXGroup;
			children = (
				D11D031B3B9A4638B297F068 /* libGGLCloudMessaging.a */,
				B01D3AC85C4A4863BE5F6255 /* libGGLCore.a */,
				1E911A6C66A640DA8E379203 /* libGGLInstanceIDLib.a */,
				8D5BB345A54A45C5B792BDAC /* libGIP_Reachability.a */,
				2AFAEB9AE4B8477899330F6F /* libGSDK_Overload.a */,
				70DF35550037441E9047CFDC /* libGTMSessionFetcher_core.a */,
				751606E5C1774BE5B8437A96 /* libGTMSessionFetcher_full.a */,
				3FAC5542BB7A4E0B8A03576D /* libGTMStackTrace.a */,
				ED2AFA00506B4E89BBBCCE97 /* libGTM_AddressBook.a */,
				74F2C3B6A2A143668DC395E8 /* libGTM_DebugUtils.a */,
				EF6DE32D016D45EC8BF9C7BF /* libGTM_GTMURLBuilder.a */,
				1047DA27C7DF4176A226BE35 /* libGTM_KVO.a */,
				9696B89FF7274A2DBA8041D7 /* libGTM_NSData+zlib.a */,
				A16566C11D944BD581B7B153 /* libGTM_NSDictionary+URLArguments.a */,
				9149CC95379343188C573E2C /* libGTM_NSScannerJSON.a */,
				CC10D25326ED4CE79A7F4C57 /* libGTM_NSStringHTML.a */,
				D3D8D52E2E2E47E588D5528E /* libGTM_NSStringXML.a */,
				808472E0605F471FB7D429B6 /* libGTM_Regex.a */,
				869F4BC91B1E47148C9B1A2D /* libGTM_RoundedRectPath.a */,
				6359583C0DBB4C56A9E71661 /* libGTM_StringEncoding.a */,
				04E16B58475649428CCD36DE /* libGTM_SystemVersion.a */,
				9EB9C7BBA0D543C2BAF3CC18 /* libGTM_UIFont+LineHeight.a */,
				D597B84AFEA944AB996C4ACA /* libGTM_core.a */,
				DAAEC479B8BC427EA0A3259A /* libGTM_iPhone.a */,
				20492C32AB664F6ABAFB1A1E /* libGcmLib.a */,
				11153AACB87842A38C206BA1 /* libProtocolBuffers.a */,
				9FBFB69B489646A890BF593A /* AddressBook.framework */,
				592118971FB6480399B21300 /* libsqlite3.tbd */,
				EE5354D0EDF640BA8D66F2B8 /* libz.tbd */,
				5ADF1FC73A5D4C57A7996338 /* WebKit.framework */,
				BF772991992B47F2BD463BDB /* libSalesforceAnalytics.a */,
				C94739E90B6E4469A1988305 /* libSalesforceSDKCore.a */,
				D70DAAA7585C413B933F12F6 /* libSmartStore.a */,
				823244BA0E804F71A57C14AC /* libSmartSync.a */,
				93AB62A2004D48C5A33596C0 /* libSalesforceHybridSDK.a */,
				785E68D7D8994783AB5E0B7A /* libsqlcipher.a */,
				0C444D7C3DD74F53A5AB8DE1 /* libCocoaLumberjack.a */,
				4BCD827C8BDD419698F32A73 /* libxml2.tbd */,
				72C76C21D591423FA47D85F1 /* AddressBookUI.framework */,
				601AFB5CCBFB4B9FAF5AE827 /* CoreLocation.framework */,
				B569F167E84444D587C51CB4 /* Foundation.framework */,
				F96E57D98D474A88B2707E9F /* MessageUI.framework */,
				98C8E94C090F4A39B19F9F9C /* QuartzCore.framework */,
				7B90AC9BD78945FFBB016C31 /* Security.framework */,
				4AAFC036E38A47889023D79E /* SystemConfiguration.framework */,
				75393C9D3B024FAD895B4BEC /* UIKit.framework */,
				C24A0224F2244AE488884AA2 /* ImageIO.framework */,
			);
			name = Frameworks;
			sourceTree = "<group>";
		};
		301BF52E109A57CC0062928A /* Products */ = {
			isa = PBXGroup;
			children = (
				301BF535109A57CC0062928A /* libCordova.a */,
			);
			name = Products;
			sourceTree = "<group>";
		};
		3047A50E1AB8057F00498E2A /* config */ = {
			isa = PBXGroup;
			children = (
				3047A50F1AB8059700498E2A /* build-debug.xcconfig */,
				3047A5101AB8059700498E2A /* build-release.xcconfig */,
				3047A5111AB8059700498E2A /* build.xcconfig */,
			);
			name = config;
			sourceTree = "<group>";
		};
		307C750510C5A3420062BCA9 /* Plugins */ = {
			isa = PBXGroup;
			children = (
				80C2F676A8A44845A5FEB4E2 /* CDVDevice.m */,
				11600E3A014F40AB9A72F667 /* CDVDevice.h */,
				4D269A3BE9E64FDDB38B5F02 /* AppDelegate+notification.m */,
				4932FA67A6724CB58175B367 /* PushPlugin.m */,
				14EBE3CDBFA54B7D85893559 /* AppDelegate+notification.h */,
				99A533C14A2149F096B6D772 /* PushPlugin.h */,
				7CCA558C1A2C473C9AF278C7 /* GGLInstanceID.h */,
				112AB116208741D6BB5EBCA6 /* GGLInstanceIDConfig.h */,
				391666CB4C7145A4A9D78EF0 /* GGLInstanceIDDelegate.h */,
				31F6FA935B6F424182A4FF03 /* GGLInstanceIDHeaders.h */,
				5380CE0D1E634C3AB5C3E306 /* CloudMessaging.h */,
				A22B3A784490443AB23BABD8 /* GGLContext+CloudMessaging.h */,
				8FEBFCE289BA40AAA65930AC /* Core.h */,
				7A36D5CC8A6148049F7493D7 /* GGLConfiguration.h */,
				59DA6094149041489BACE29C /* GGLContext.h */,
				F513EF922D7448CEA045E3DF /* GGLErrorCode.h */,
				2FC976614FFE4A2DB7DF7D6C /* GCMConfig.h */,
				6D3DED3DA01E4C01A5591D2B /* GCMPubSub.h */,
				BD2C98E4D56D464AB92DCA87 /* GCMReceiverDelegate.h */,
				3BDCE356D77840D19BD2E828 /* GCMService.h */,
				5997EE4520654C7CA24F0ED7 /* GoogleCloudMessaging.h */,
				3BFA3C528F0A4EE6AF93DF68 /* CDVWKWebViewEngine.m */,
				8FFEBABF1B914D9DA9A94FED /* CDVWKWebViewUIDelegate.m */,
				49D79FF21AE94FFD95AEA3B9 /* CDVWKProcessPoolFactory.m */,
				0473CEE213AD4E4FAD7DF1F7 /* CDVWKWebViewEngine.h */,
				099BF19057A14A64B5296CC8 /* CDVWKWebViewUIDelegate.h */,
				D60345DED46D412588674CA0 /* CDVWKProcessPoolFactory.h */,
				BD705C5CA6DE4C448FE08317 /* AppDelegate+SalesforceHybridSDK.m */,
				DA16F8CC485D4964A6B452E3 /* UIApplication+SalesforceHybridSDK.m */,
				EF2BBBB17B0D4D49925E309F /* InitialViewController.m */,
				5D9D8146B6B14834A19A392F /* SFAuthenticationManager.h */,
				ABE542FB18E848C09AA72383 /* SalesforceSDKConstants.h */,
				9A89FE308289428297B754E9 /* SFCommunityData.h */,
				611E4302390D44E98127375C /* SFSDKAppConfig.h */,
				8AB8BAE0B04B4A85B1BEEE8C /* InitialViewController.h */,
				2EC7D8F1560749639FDF21AF /* SFDefaultUserManagementViewController.h */,
				CEA4D2A1DACD4083AED4BA87 /* SFHybridViewConfig.h */,
				96542AE3029A42CCBEE31F6F /* SFHybridViewController.h */,
				652B2F36277B4F96A241F121 /* SFIdentityCoordinator.h */,
				44D0589729B345199767DDC8 /* SFIdentityData.h */,
				BBEB8357647C423882356F97 /* SFLocalhostSubstitutionCache.h */,
				469505D69F094299A930BC9F /* SFSDKLogger.h */,
				A8E7227A65B04DDAAB4370F5 /* SFSDKFileLogger.h */,
				A593B6024FCA492FB10E90AA /* NSNotificationCenter+SFAdditions.h */,
				60F24466ED434E06B4774BAB /* SFOAuthCoordinator.h */,
				021F162BFE5443FEA6D1DEF0 /* SFOAuthCredentials.h */,
				84C45EF9658A4D6F8F215360 /* SFOAuthInfo.h */,
				01ED30EDAF2947E7AFA9BE4B /* SFPushNotificationManager.h */,
				EA9F84EA459B45EC8CE95BD2 /* SFUserAccount.h */,
				0F4670E14A05402E8610CA76 /* SFUserAccountConstants.h */,
				AB53BEEB2BCA468FA378E3E2 /* SFUserAccountManager.h */,
				C48F0A2697044A6D9920B3A9 /* SFUserAccountIdentity.h */,
				4CAC0B286D4546489529E4B2 /* SalesforceSDKManager.h */,
				14AF329290054BF781163F39 /* SalesforceSDKManagerWithSmartStore.h */,
				00FC2FB6F3BF46BFB97432E2 /* SFAuthErrorHandler.h */,
				672F2668CB5143EB8E38BCDD /* SFAuthErrorHandlerList.h */,
				C67147B805984E29BBEA2762 /* SalesforceSDKCoreDefines.h */,
				E2FCBDC45E9F44538CF7FDAA /* SFLoginViewController.h */,
				BAE75DFD7BEC4919A2A8044D /* SFSDKLoginHostDelegate.h */,
				83C0817AD8724A94AA166448 /* SFSDKLoginHost.h */,
				30440C36972E4D21942C4D7A /* SFSDKLoginHostListViewController.h */,
				D9D9D7F7D12044FE82F88F28 /* SFSDKLoginHostStorage.h */,
				94BA0646E5C04E03988C3C6B /* AppDelegate+SalesforceHybridSDK.h */,
				52324C5F40A848B7A98A21C7 /* UIApplication+SalesforceHybridSDK.h */,
				27F0D6F116E74BFA88F16CBD /* DDLog.h */,
				8CA397328F63412B810BCA66 /* DDFileLogger.h */,
				191A3AF19D4E4AA39415F1DC /* DDLegacyMacros.h */,
			);
			name = Plugins;
			path = "TahoeDreamin18/Plugins";
			sourceTree = SOURCE_ROOT;
		};
		EB87FDF11871DA420020F90C /* Staging */ = {
			isa = PBXGroup;
			children = (
				F840E1F0165FE0F500CFE078 /* config.xml */,
				301BF56E109A69640062928A /* www */,
			);
			name = Staging;
			sourceTree = "<group>";
		};
/* End PBXGroup section */

/* Begin PBXNativeTarget section */
		1D6058900D05DD3D006BFB54 /* TahoeDreamin18 */ = {
			isa = PBXNativeTarget;
			buildConfigurationList = 1D6058960D05DD3E006BFB54 /* Build configuration list for PBXNativeTarget "TahoeDreamin18" */;
			buildPhases = (
				304B58A110DAC018002A0835 /* Copy www directory */,
				1D60588D0D05DD3D006BFB54 /* Resources */,
				1D60588E0D05DD3D006BFB54 /* Sources */,
				1D60588F0D05DD3D006BFB54 /* Frameworks */,
			);
			buildRules = (
			);
			dependencies = (
				301BF551109A68C00062928A /* PBXTargetDependency */,
			);
			name = "TahoeDreamin18";
			productName = "TahoeDreamin18";
			productReference = 1D6058910D05DD3D006BFB54 /* TahoeDreamin18.app */;
			productType = "com.apple.product-type.application";
		};
/* End PBXNativeTarget section */

/* Begin PBXProject section */
		29B97313FDCFA39411CA2CEA /* Project object */ = {
			isa = PBXProject;
			attributes = {
				LastUpgradeCheck = 510;
			};
			buildConfigurationList = C01FCF4E08A954540054247B /* Build configuration list for PBXProject "__NON-CLI__" */;
			compatibilityVersion = "Xcode 3.2";
			developmentRegion = English;
			hasScannedForEncodings = 1;
			mainGroup = 29B97314FDCFA39411CA2CEA /* CustomTemplate */;
			projectDirPath = "";
			projectReferences = (
				{
					ProductGroup = 301BF52E109A57CC0062928A /* Products */;
					ProjectRef = 301BF52D109A57CC0062928A /* CordovaLib.xcodeproj */;
				},
			);
			projectRoot = "";
			targets = (
				1D6058900D05DD3D006BFB54 /* TahoeDreamin18 */,
			);
		};
/* End PBXProject section */

/* Begin PBXReferenceProxy section */
		301BF535109A57CC0062928A /* libCordova.a */ = {
			isa = PBXReferenceProxy;
			fileType = archive.ar;
			path = libCordova.a;
			remoteRef = 301BF534109A57CC0062928A /* PBXContainerItemProxy */;
			sourceTree = BUILT_PRODUCTS_DIR;
		};
/* End PBXReferenceProxy section */

/* Begin PBXResourcesBuildPhase section */
		1D60588D0D05DD3D006BFB54 /* Resources */ = {
			isa = PBXResourcesBuildPhase;
			buildActionMask = 2147483647;
			files = (
				302D95F214D2391D003F00A1 /* MainViewController.xib in Resources */,
				0207DA581B56EA530066E2B4 /* Images.xcassets in Resources */,
				6AFF5BF91D6E424B00AB3073 /* CDVLaunchScreen.storyboard in Resources */,
				2E22332269A041EB93402606 /* SalesforceSDKResources.bundle in Resources */,
				62EA2E1640E14B9D8A0D88AA /* Images.xcassets in Resources */,
				54B5512589E040F28F41E49A /* SalesforceSDKAssets.xcassets in Resources */,
			);
			runOnlyForDeploymentPostprocessing = 0;
		};
/* End PBXResourcesBuildPhase section */

/* Begin PBXShellScriptBuildPhase section */
		304B58A110DAC018002A0835 /* Copy www directory */ = {
			isa = PBXShellScriptBuildPhase;
			buildActionMask = 2147483647;
			files = (
			);
			inputPaths = (
			);
			name = "Copy www directory";
			outputPaths = (
			);
			runOnlyForDeploymentPostprocessing = 0;
			shellPath = /bin/sh;
			shellScript = "NODEJS_PATH=/usr/local/bin; NVM_NODE_PATH=~/.nvm/versions/node/`nvm version 2>/dev/null`/bin; N_NODE_PATH=`find /usr/local/n/versions/node/* -maxdepth 0 -type d 2>/dev/null | tail -1`/bin; XCODE_NODE_PATH=`xcode-select --print-path`/usr/share/xcs/Node/bin; PATH=$NODEJS_PATH:$NVM_NODE_PATH:$N_NODE_PATH:$XCODE_NODE_PATH:$PATH && node cordova/lib/copy-www-build-step.js";
			showEnvVarsInLog = 0;
		};
/* End PBXShellScriptBuildPhase section */

/* Begin PBXSourcesBuildPhase section */
		1D60588E0D05DD3D006BFB54 /* Sources */ = {
			isa = PBXSourcesBuildPhase;
			buildActionMask = 2147483647;
			files = (
				1D60589B0D05DD56006BFB54 /* main.m in Sources */,
				1D3623260D0F684500981E51 /* AppDelegate.m in Sources */,
				302D95F114D2391D003F00A1 /* MainViewController.m in Sources */,
				FC87B90B80B549DC97F69CAB /* CDVDevice.m in Sources */,
				0196290BA8B14DB7901D5235 /* AppDelegate+notification.m in Sources */,
				E8E7B7BF6DBC469CA203B763 /* PushPlugin.m in Sources */,
				D160289AD8514F28A3DA2B5A /* CDVWKWebViewEngine.m in Sources */,
				5D486E7AFC344A0F9BFFB66D /* CDVWKWebViewUIDelegate.m in Sources */,
				38641D4FEC8743DB87B3F1B4 /* CDVWKProcessPoolFactory.m in Sources */,
				2B17744702144A0F9D2B5FBC /* AppDelegate+SalesforceHybridSDK.m in Sources */,
				ACA12DAB0EEF4499BDB97CD3 /* UIApplication+SalesforceHybridSDK.m in Sources */,
				6E6C234184554ACEAA935E53 /* InitialViewController.m in Sources */,
			);
			runOnlyForDeploymentPostprocessing = 0;
		};
/* End PBXSourcesBuildPhase section */

/* Begin PBXTargetDependency section */
		301BF551109A68C00062928A /* PBXTargetDependency */ = {
			isa = PBXTargetDependency;
			name = CordovaLib;
			targetProxy = 301BF550109A68C00062928A /* PBXContainerItemProxy */;
		};
/* End PBXTargetDependency section */

/* Begin XCBuildConfiguration section */
		1D6058940D05DD3E006BFB54 /* Debug */ = {
			isa = XCBuildConfiguration;
			baseConfigurationReference = 3047A50F1AB8059700498E2A /* build-debug.xcconfig */;
			buildSettings = {
				ALWAYS_SEARCH_USER_PATHS = NO;
				ASSETCATALOG_COMPILER_APPICON_NAME = AppIcon;
				ASSETCATALOG_COMPILER_LAUNCHIMAGE_NAME = LaunchImage;
				CLANG_ENABLE_MODULES = YES;
				CLANG_ENABLE_OBJC_ARC = YES;
				COPY_PHASE_STRIP = NO;
				GCC_DYNAMIC_NO_PIC = NO;
				GCC_OPTIMIZATION_LEVEL = 0;
				GCC_PRECOMPILE_PREFIX_HEADER = YES;
				GCC_PREFIX_HEADER = "TahoeDreamin18/TahoeDreamin18-Prefix.pch";
				GCC_THUMB_SUPPORT = NO;
				GCC_VERSION = "";
				INFOPLIST_FILE = "TahoeDreamin18/TahoeDreamin18-Info.plist";
				IPHONEOS_DEPLOYMENT_TARGET = 9.0;
				LD_RUNPATH_SEARCH_PATHS = "@executable_path/Frameworks";
				TARGETED_DEVICE_FAMILY = "1,2";
				PRODUCT_NAME = "TahoeDreamin18";
				LIBRARY_SEARCH_PATHS = (
					"$(inherited)",
					"\"$(SRCROOT)/TahoeDreamin18/Plugins/phonegap-plugin-push/GCM/Libraries\"",
					"\"$(SRCROOT)/TahoeDreamin18/Plugins/phonegap-plugin-push/GCM/Libraries\"",
					"\"$(SRCROOT)/TahoeDreamin18/Plugins/phonegap-plugin-push/GCM/Libraries\"",
					"\"$(SRCROOT)/TahoeDreamin18/Plugins/phonegap-plugin-push/GCM/Libraries\"",
					"\"$(SRCROOT)/TahoeDreamin18/Plugins/phonegap-plugin-push/GCM/Libraries\"",
					"\"$(SRCROOT)/TahoeDreamin18/Plugins/phonegap-plugin-push/GCM/Libraries\"",
					"\"$(SRCROOT)/TahoeDreamin18/Plugins/phonegap-plugin-push/GCM/Libraries\"",
					"\"$(SRCROOT)/TahoeDreamin18/Plugins/phonegap-plugin-push/GCM/Libraries\"",
					"\"$(SRCROOT)/TahoeDreamin18/Plugins/phonegap-plugin-push/GCM/Libraries\"",
					"\"$(SRCROOT)/TahoeDreamin18/Plugins/phonegap-plugin-push/GCM/Libraries\"",
					"\"$(SRCROOT)/TahoeDreamin18/Plugins/phonegap-plugin-push/GCM/Libraries\"",
					"\"$(SRCROOT)/TahoeDreamin18/Plugins/phonegap-plugin-push/GCM/Libraries\"",
					"\"$(SRCROOT)/TahoeDreamin18/Plugins/phonegap-plugin-push/GCM/Libraries\"",
					"\"$(SRCROOT)/TahoeDreamin18/Plugins/phonegap-plugin-push/GCM/Libraries\"",
					"\"$(SRCROOT)/TahoeDreamin18/Plugins/phonegap-plugin-push/GCM/Libraries\"",
					"\"$(SRCROOT)/TahoeDreamin18/Plugins/phonegap-plugin-push/GCM/Libraries\"",
					"\"$(SRCROOT)/TahoeDreamin18/Plugins/phonegap-plugin-push/GCM/Libraries\"",
					"\"$(SRCROOT)/TahoeDreamin18/Plugins/phonegap-plugin-push/GCM/Libraries\"",
					"\"$(SRCROOT)/TahoeDreamin18/Plugins/phonegap-plugin-push/GCM/Libraries\"",
					"\"$(SRCROOT)/TahoeDreamin18/Plugins/phonegap-plugin-push/GCM/Libraries\"",
					"\"$(SRCROOT)/TahoeDreamin18/Plugins/phonegap-plugin-push/GCM/Libraries\"",
					"\"$(SRCROOT)/TahoeDreamin18/Plugins/phonegap-plugin-push/GCM/Libraries\"",
					"\"$(SRCROOT)/TahoeDreamin18/Plugins/phonegap-plugin-push/GCM/Libraries\"",
					"\"$(SRCROOT)/TahoeDreamin18/Plugins/phonegap-plugin-push/GCM/Libraries\"",
					"\"$(SRCROOT)/TahoeDreamin18/Plugins/phonegap-plugin-push/GCM/Libraries\"",
					"\"$(SRCROOT)/TahoeDreamin18/Plugins/phonegap-plugin-push/GCM/Libraries\"",
					"\"$(SRCROOT)/TahoeDreamin18/Plugins/com.salesforce\"",
					"\"$(SRCROOT)/TahoeDreamin18/Plugins/com.salesforce\"",
					"\"$(SRCROOT)/TahoeDreamin18/Plugins/com.salesforce\"",
					"\"$(SRCROOT)/TahoeDreamin18/Plugins/com.salesforce\"",
					"\"$(SRCROOT)/TahoeDreamin18/Plugins/com.salesforce\"",
					"\"$(SRCROOT)/TahoeDreamin18/Plugins/com.salesforce\"",
					"\"$(SRCROOT)/TahoeDreamin18/Plugins/com.salesforce\"",
				);
			};
			name = Debug;
		};
		1D6058950D05DD3E006BFB54 /* Release */ = {
			isa = XCBuildConfiguration;
			baseConfigurationReference = 3047A5101AB8059700498E2A /* build-release.xcconfig */;
			buildSettings = {
				ALWAYS_SEARCH_USER_PATHS = NO;
				ASSETCATALOG_COMPILER_APPICON_NAME = AppIcon;
				ASSETCATALOG_COMPILER_LAUNCHIMAGE_NAME = LaunchImage;
				CLANG_ENABLE_MODULES = YES;
				CLANG_ENABLE_OBJC_ARC = YES;
				COPY_PHASE_STRIP = YES;
				GCC_PRECOMPILE_PREFIX_HEADER = YES;
				GCC_PREFIX_HEADER = "TahoeDreamin18/TahoeDreamin18-Prefix.pch";
				GCC_THUMB_SUPPORT = NO;
				GCC_VERSION = "";
				INFOPLIST_FILE = "TahoeDreamin18/TahoeDreamin18-Info.plist";
				IPHONEOS_DEPLOYMENT_TARGET = 9.0;
				LD_RUNPATH_SEARCH_PATHS = "@executable_path/Frameworks";
				TARGETED_DEVICE_FAMILY = "1,2";
				PRODUCT_NAME = "TahoeDreamin18";
				LIBRARY_SEARCH_PATHS = (
					"$(inherited)",
					"\"$(SRCROOT)/TahoeDreamin18/Plugins/phonegap-plugin-push/GCM/Libraries\"",
					"\"$(SRCROOT)/TahoeDreamin18/Plugins/phonegap-plugin-push/GCM/Libraries\"",
					"\"$(SRCROOT)/TahoeDreamin18/Plugins/phonegap-plugin-push/GCM/Libraries\"",
					"\"$(SRCROOT)/TahoeDreamin18/Plugins/phonegap-plugin-push/GCM/Libraries\"",
					"\"$(SRCROOT)/TahoeDreamin18/Plugins/phonegap-plugin-push/GCM/Libraries\"",
					"\"$(SRCROOT)/TahoeDreamin18/Plugins/phonegap-plugin-push/GCM/Libraries\"",
					"\"$(SRCROOT)/TahoeDreamin18/Plugins/phonegap-plugin-push/GCM/Libraries\"",
					"\"$(SRCROOT)/TahoeDreamin18/Plugins/phonegap-plugin-push/GCM/Libraries\"",
					"\"$(SRCROOT)/TahoeDreamin18/Plugins/phonegap-plugin-push/GCM/Libraries\"",
					"\"$(SRCROOT)/TahoeDreamin18/Plugins/phonegap-plugin-push/GCM/Libraries\"",
					"\"$(SRCROOT)/TahoeDreamin18/Plugins/phonegap-plugin-push/GCM/Libraries\"",
					"\"$(SRCROOT)/TahoeDreamin18/Plugins/phonegap-plugin-push/GCM/Libraries\"",
					"\"$(SRCROOT)/TahoeDreamin18/Plugins/phonegap-plugin-push/GCM/Libraries\"",
					"\"$(SRCROOT)/TahoeDreamin18/Plugins/phonegap-plugin-push/GCM/Libraries\"",
					"\"$(SRCROOT)/TahoeDreamin18/Plugins/phonegap-plugin-push/GCM/Libraries\"",
					"\"$(SRCROOT)/TahoeDreamin18/Plugins/phonegap-plugin-push/GCM/Libraries\"",
					"\"$(SRCROOT)/TahoeDreamin18/Plugins/phonegap-plugin-push/GCM/Libraries\"",
					"\"$(SRCROOT)/TahoeDreamin18/Plugins/phonegap-plugin-push/GCM/Libraries\"",
					"\"$(SRCROOT)/TahoeDreamin18/Plugins/phonegap-plugin-push/GCM/Libraries\"",
					"\"$(SRCROOT)/TahoeDreamin18/Plugins/phonegap-plugin-push/GCM/Libraries\"",
					"\"$(SRCROOT)/TahoeDreamin18/Plugins/phonegap-plugin-push/GCM/Libraries\"",
					"\"$(SRCROOT)/TahoeDreamin18/Plugins/phonegap-plugin-push/GCM/Libraries\"",
					"\"$(SRCROOT)/TahoeDreamin18/Plugins/phonegap-plugin-push/GCM/Libraries\"",
					"\"$(SRCROOT)/TahoeDreamin18/Plugins/phonegap-plugin-push/GCM/Libraries\"",
					"\"$(SRCROOT)/TahoeDreamin18/Plugins/phonegap-plugin-push/GCM/Libraries\"",
					"\"$(SRCROOT)/TahoeDreamin18/Plugins/phonegap-plugin-push/GCM/Libraries\"",
					"\"$(SRCROOT)/TahoeDreamin18/Plugins/com.salesforce\"",
					"\"$(SRCROOT)/TahoeDreamin18/Plugins/com.salesforce\"",
					"\"$(SRCROOT)/TahoeDreamin18/Plugins/com.salesforce\"",
					"\"$(SRCROOT)/TahoeDreamin18/Plugins/com.salesforce\"",
					"\"$(SRCROOT)/TahoeDreamin18/Plugins/com.salesforce\"",
					"\"$(SRCROOT)/TahoeDreamin18/Plugins/com.salesforce\"",
					"\"$(SRCROOT)/TahoeDreamin18/Plugins/com.salesforce\"",
				);
			};
			name = Release;
		};
		C01FCF4F08A954540054247B /* Debug */ = {
			isa = XCBuildConfiguration;
			baseConfigurationReference = 3047A5111AB8059700498E2A /* build.xcconfig */;
			buildSettings = {
				CLANG_ENABLE_MODULES = YES;
				CLANG_ENABLE_OBJC_ARC = YES;
				CLANG_WARN_BOOL_CONVERSION = YES;
				CLANG_WARN_CONSTANT_CONVERSION = YES;
				CLANG_WARN_EMPTY_BODY = YES;
				CLANG_WARN_ENUM_CONVERSION = YES;
				CLANG_WARN_INT_CONVERSION = YES;
				CLANG_WARN__DUPLICATE_METHOD_MATCH = YES;
				GCC_C_LANGUAGE_STANDARD = c99;
				GCC_THUMB_SUPPORT = NO;
				GCC_VERSION = "";
				GCC_WARN_ABOUT_RETURN_TYPE = YES;
				GCC_WARN_UNDECLARED_SELECTOR = YES;
				GCC_WARN_UNINITIALIZED_AUTOS = YES;
				GCC_WARN_UNUSED_FUNCTION = YES;
				GCC_WARN_UNUSED_VARIABLE = YES;
				ONLY_ACTIVE_ARCH = YES;
				SDKROOT = iphoneos;
				SKIP_INSTALL = NO;
				IPHONEOS_DEPLOYMENT_TARGET = 9.0;
			};
			name = Debug;
		};
		C01FCF5008A954540054247B /* Release */ = {
			isa = XCBuildConfiguration;
			baseConfigurationReference = 3047A5111AB8059700498E2A /* build.xcconfig */;
			buildSettings = {
				CLANG_ENABLE_MODULES = YES;
				CLANG_ENABLE_OBJC_ARC = YES;
				CLANG_WARN_BOOL_CONVERSION = YES;
				CLANG_WARN_CONSTANT_CONVERSION = YES;
				CLANG_WARN_EMPTY_BODY = YES;
				CLANG_WARN_ENUM_CONVERSION = YES;
				CLANG_WARN_INT_CONVERSION = YES;
				CLANG_WARN__DUPLICATE_METHOD_MATCH = YES;
				GCC_C_LANGUAGE_STANDARD = c99;
				GCC_THUMB_SUPPORT = NO;
				GCC_VERSION = "";
				GCC_WARN_ABOUT_RETURN_TYPE = YES;
				GCC_WARN_UNDECLARED_SELECTOR = YES;
				GCC_WARN_UNINITIALIZED_AUTOS = YES;
				GCC_WARN_UNUSED_FUNCTION = YES;
				GCC_WARN_UNUSED_VARIABLE = YES;
				SDKROOT = iphoneos;
				SKIP_INSTALL = NO;
				IPHONEOS_DEPLOYMENT_TARGET = 9.0;
			};
			name = Release;
		};
/* End XCBuildConfiguration section */

/* Begin XCConfigurationList section */
		1D6058960D05DD3E006BFB54 /* Build configuration list for PBXNativeTarget "TahoeDreamin18" */ = {
			isa = XCConfigurationList;
			buildConfigurations = (
				1D6058940D05DD3E006BFB54 /* Debug */,
				1D6058950D05DD3E006BFB54 /* Release */,
			);
			defaultConfigurationIsVisible = 0;
			defaultConfigurationName = Release;
		};
		C01FCF4E08A954540054247B /* Build configuration list for PBXProject "__NON-CLI__" */ = {
			isa = XCConfigurationList;
			buildConfigurations = (
				C01FCF4F08A954540054247B /* Debug */,
				C01FCF5008A954540054247B /* Release */,
			);
			defaultConfigurationIsVisible = 0;
			defaultConfigurationName = Release;
		};
/* End XCConfigurationList section */
	};
	rootObject = 29B97313FDCFA39411CA2CEA /* Project object */;
}
